
Microsoft Visual Studio Solution File, Format Version 12.00
# Visual Studio Version 17
VisualStudioVersion = 17.0.31612.314
MinimumVisualStudioVersion = 10.0.40219.1
Project("{2150E333-8FDC-42A3-9474-1A3956D46DE8}") = "InternalServices", "InternalServices", "{0DC96AF3-B121-4ACA-92C2-1064CADBC228}"
	ProjectSection(SolutionItems) = preProject
		InternalServices\README.md = InternalServices\README.md
	EndProjectSection
EndProject
Project("{2150E333-8FDC-42A3-9474-1A3956D46DE8}") = "ServiceDiscovery", "ServiceDiscovery", "{376AF902-B4C3-4C31-9CA1-63F154C18A4C}"
EndProject
Project("{9A19103F-16F7-4668-BE54-9A1E7A4F7556}") = "CIS.InternalServices.ServiceDiscovery.Api", "InternalServices\ServiceDiscovery\Api\CIS.InternalServices.ServiceDiscovery.Api.csproj", "{AF160DD6-9B07-47AE-9818-CF521D8832A6}"
EndProject
Project("{9A19103F-16F7-4668-BE54-9A1E7A4F7556}") = "CIS.InternalServices.ServiceDiscovery.Abstraction", "InternalServices\ServiceDiscovery\Abstraction\CIS.InternalServices.ServiceDiscovery.Abstraction.csproj", "{3CD474EA-4748-4C52-9B64-DA6B9DFC5F2F}"
EndProject
Project("{2150E333-8FDC-42A3-9474-1A3956D46DE8}") = "Storage", "Storage", "{05167A25-8885-4D0E-9BBB-F45E1C5BB9B4}"
EndProject
Project("{9A19103F-16F7-4668-BE54-9A1E7A4F7556}") = "CIS.InternalServices.Storage.Abstraction", "InternalServices\Storage\Abstraction\CIS.InternalServices.Storage.Abstraction.csproj", "{6922D88B-2BD5-4115-9A7F-1CDF95F37E2B}"
EndProject
Project("{9A19103F-16F7-4668-BE54-9A1E7A4F7556}") = "CIS.InternalServices.Storage.Api", "InternalServices\Storage\Api\CIS.InternalServices.Storage.Api.csproj", "{0A609C83-12D8-4E90-AC5C-057AAA706263}"
EndProject
Project("{2150E333-8FDC-42A3-9474-1A3956D46DE8}") = "CIS", "CIS", "{89BF60E5-43F5-403F-A3A7-B85A42806358}"
EndProject
Project("{9A19103F-16F7-4668-BE54-9A1E7A4F7556}") = "CIS.Infrastructure.Caching", "CIS\Caching\CIS.Infrastructure.Caching.csproj", "{825CEB62-6040-447A-9B5D-46E9368E9DB4}"
EndProject
Project("{9A19103F-16F7-4668-BE54-9A1E7A4F7556}") = "CIS.Core", "CIS\Core\CIS.Core.csproj", "{3137E70E-C13E-46DF-83FA-5D1549E083F3}"
EndProject
Project("{9A19103F-16F7-4668-BE54-9A1E7A4F7556}") = "CIS.Infrastructure", "CIS\Infrastructure\CIS.Infrastructure.csproj", "{BE7F138F-939E-443E-A043-A8752E03916C}"
EndProject
Project("{9A19103F-16F7-4668-BE54-9A1E7A4F7556}") = "CIS.Testing", "CIS\Testing\CIS.Testing.csproj", "{A0681C51-F04A-4CDC-89BF-05B9BB1DA39A}"
EndProject
Project("{2150E333-8FDC-42A3-9474-1A3956D46DE8}") = "Tests", "Tests", "{A6EA08FD-61EE-4CB2-B75E-E1FAD194642A}"
EndProject
Project("{9A19103F-16F7-4668-BE54-9A1E7A4F7556}") = "CIS.Infrastructure.Tests", "CIS\Tests\CIS.Infrastructure.Tests\CIS.Infrastructure.Tests.csproj", "{9228581E-30D6-45D0-A83C-B3F7566F299F}"
EndProject
Project("{2150E333-8FDC-42A3-9474-1A3956D46DE8}") = "DomainServices", "DomainServices", "{6AE4D7B4-CC30-494F-8E9A-0EA5EC721A1E}"
EndProject
Project("{2150E333-8FDC-42A3-9474-1A3956D46DE8}") = "OfferService", "OfferService", "{2F700A61-C2C8-4740-94CE-633E9B4806AA}"
EndProject
Project("{9A19103F-16F7-4668-BE54-9A1E7A4F7556}") = "DomainServices.OfferService.Api", "DomainServices\OfferService\API\DomainServices.OfferService.Api.csproj", "{853F7808-DAE9-4A13-A6A6-CBC7A1EFC969}"
EndProject
Project("{9A19103F-16F7-4668-BE54-9A1E7A4F7556}") = "DomainServices.OfferService.Abstraction", "DomainServices\OfferService\Abstraction\DomainServices.OfferService.Abstraction.csproj", "{C575CD43-C9FD-4221-A518-1199253BE6FF}"
EndProject
Project("{9A19103F-16F7-4668-BE54-9A1E7A4F7556}") = "CIS.Infrastructure.gRPC", "CIS\gRPC\CIS.Infrastructure.gRPC.csproj", "{4FE907A0-58DB-4B94-A1D8-02EDB598D6B7}"
EndProject
Project("{9A19103F-16F7-4668-BE54-9A1E7A4F7556}") = "CIS.Infrastructure.gRPC.Tests", "CIS\Tests\CIS.Infrastructure.gRPC.Tests\CIS.Infrastructure.gRPC.Tests.csproj", "{7DA287EF-22CE-4114-9E89-C310E6217080}"
EndProject
Project("{2150E333-8FDC-42A3-9474-1A3956D46DE8}") = "FOMS", "FOMS", "{CD425435-2BA9-44DF-9AC5-945D08380C08}"
EndProject
Project("{9A19103F-16F7-4668-BE54-9A1E7A4F7556}") = "FOMS.Api", "FOMS\FOMS.Api\FOMS.Api.csproj", "{EA856A99-17EE-4834-A5E4-212C87F9B963}"
EndProject
Project("{9A19103F-16F7-4668-BE54-9A1E7A4F7556}") = "FOMS.Core", "FOMS\FOMS.Core\FOMS.Core.csproj", "{B04E3BC0-2F79-4BB3-85D6-768AD3DB98E2}"
EndProject
Project("{9A19103F-16F7-4668-BE54-9A1E7A4F7556}") = "FOMS.Infrastructure", "FOMS\FOMS.Infrastructure\FOMS.Infrastructure.csproj", "{BE9FCE3F-E547-4E4D-BD3F-C9BE487E6E9E}"
EndProject
Project("{2150E333-8FDC-42A3-9474-1A3956D46DE8}") = "Solution Items", "Solution Items", "{FFB9F887-CE43-4CC7-AADF-B55CFDC6400F}"
	ProjectSection(SolutionItems) = preProject
		.editorconfig = .editorconfig
	EndProjectSection
EndProject
Project("{9A19103F-16F7-4668-BE54-9A1E7A4F7556}") = "CIS.Infrastructure.WebApi", "CIS\WebApi\CIS.Infrastructure.WebApi.csproj", "{4BC2FB92-EBAE-40F3-8873-AE712D866195}"
EndProject
Project("{2150E333-8FDC-42A3-9474-1A3956D46DE8}") = "CustomerService", "CustomerService", "{7B04CC9B-7F95-457D-B1B1-77B14F6FA95C}"
EndProject
Project("{9A19103F-16F7-4668-BE54-9A1E7A4F7556}") = "DomainServices.CustomerService.Abstraction", "DomainServices\CustomerService\Abstraction\DomainServices.CustomerService.Abstraction.csproj", "{7A1307BD-0B58-4F54-831C-6B7FE507F7EE}"
EndProject
Project("{9A19103F-16F7-4668-BE54-9A1E7A4F7556}") = "DomainServices.CustomerService.Api", "DomainServices\CustomerService\Api\DomainServices.CustomerService.Api.csproj", "{EDB5ADA8-B0DA-4F61-B3EB-346AB7BC96DB}"
EndProject
Project("{2150E333-8FDC-42A3-9474-1A3956D46DE8}") = "CodebookService", "CodebookService", "{6C60ADF4-04DA-46C0-91BE-054BDC00A89E}"
	ProjectSection(SolutionItems) = preProject
		DomainServices\CodebookService\README.md = DomainServices\CodebookService\README.md
	EndProjectSection
EndProject
Project("{9A19103F-16F7-4668-BE54-9A1E7A4F7556}") = "DomainServices.CodebookService.Contracts", "DomainServices\CodebookService\Contracts\DomainServices.CodebookService.Contracts.csproj", "{D0492191-2356-444C-8653-440F9CD031CE}"
EndProject
Project("{9A19103F-16F7-4668-BE54-9A1E7A4F7556}") = "DomainServices.CodebookService.Api", "DomainServices\CodebookService\Api\DomainServices.CodebookService.Api.csproj", "{96A9DCD2-4A3A-4C48-A3C4-63E7DBC7047B}"
EndProject
Project("{9A19103F-16F7-4668-BE54-9A1E7A4F7556}") = "DomainServices.CodebookService.Abstraction", "DomainServices\CodebookService\Abstraction\DomainServices.CodebookService.Abstraction.csproj", "{ADF64991-2512-4F52-918A-755E9AA3AD30}"
EndProject
Project("{9A19103F-16F7-4668-BE54-9A1E7A4F7556}") = "DomainServices.CodebookService.ApiGenerators", "DomainServices\CodebookService\ApiGenerators\DomainServices.CodebookService.ApiGenerators.csproj", "{FA114815-6534-4B0B-A8EB-A70554E78BD0}"
EndProject
Project("{9A19103F-16F7-4668-BE54-9A1E7A4F7556}") = "DomainServices.CodebookService.AbstractionGenerators", "DomainServices\CodebookService\AbstractionGenerators\DomainServices.CodebookService.AbstractionGenerators.csproj", "{1DF285A9-0B91-4FAA-9B6D-0D12EEF0740B}"
EndProject
Project("{9A19103F-16F7-4668-BE54-9A1E7A4F7556}") = "DomainServices.CodebookService.Endpoints", "DomainServices\CodebookService\Endpoints\DomainServices.CodebookService.Endpoints.csproj", "{FE48768D-D1AE-4CF9-9CFD-FD77A46F4706}"
EndProject
Project("{2150E333-8FDC-42A3-9474-1A3956D46DE8}") = "Playgrounds", "Playgrounds", "{B4ABFBCA-9641-4C56-A007-2F9347AB50DD}"
	ProjectSection(SolutionItems) = preProject
		Playgrounds\README.md = Playgrounds\README.md
	EndProjectSection
EndProject
Project("{9A19103F-16F7-4668-BE54-9A1E7A4F7556}") = "RedisTest", "Playgrounds\RedisTest\RedisTest.csproj", "{237646E9-FD74-49CE-B851-288E928D7A53}"
EndProject
Project("{9A19103F-16F7-4668-BE54-9A1E7A4F7556}") = "CIS.InternalServices.ServiceDiscovery.Contracts", "InternalServices\ServiceDiscovery\Contracts\CIS.InternalServices.ServiceDiscovery.Contracts.csproj", "{7674159D-9AFF-4F46-AECF-4AF8763FF522}"
EndProject
Project("{9A19103F-16F7-4668-BE54-9A1E7A4F7556}") = "CIS.InternalServices.Storage.Contracts", "InternalServices\Storage\Contracts\CIS.InternalServices.Storage.Contracts.csproj", "{1C9F9248-6999-4CEE-9F61-EB0C1B1831CB}"
EndProject
Project("{9A19103F-16F7-4668-BE54-9A1E7A4F7556}") = "DomainServices.OfferService.Contracts", "DomainServices\OfferService\Contracts\DomainServices.OfferService.Contracts.csproj", "{2E40E374-7F57-4D9F-A12A-871A43055450}"
EndProject
Project("{9A19103F-16F7-4668-BE54-9A1E7A4F7556}") = "CIS.Infrastructure.gRPC.CisTypes", "CIS\gRPC.CisTypes\CIS.Infrastructure.gRPC.CisTypes.csproj", "{0AE59B37-4AF6-4994-B92F-991F3E8A829A}"
EndProject
Project("{2150E333-8FDC-42A3-9474-1A3956D46DE8}") = "ProductService", "ProductService", "{5C01EE13-0EA0-47B8-95C4-9010F3ED40CB}"
EndProject
Project("{9A19103F-16F7-4668-BE54-9A1E7A4F7556}") = "DomainServices.ProductService.Api", "DomainServices\ProductService\Api\DomainServices.ProductService.Api.csproj", "{B5389800-F7B1-4C6F-944E-921ADFF9772C}"
EndProject
Project("{9A19103F-16F7-4668-BE54-9A1E7A4F7556}") = "DomainServices.ProductService.Contracts", "DomainServices\ProductService\Contracts\DomainServices.ProductService.Contracts.csproj", "{4D3CFA42-4EC9-4C23-9016-DB12AEF74623}"
EndProject
Project("{9A19103F-16F7-4668-BE54-9A1E7A4F7556}") = "DomainServices.CustomerService.Contracts", "DomainServices\CustomerService\Contracts\DomainServices.CustomerService.Contracts.csproj", "{66E6AE74-95C6-41DC-B32B-A7FE02395930}"
EndProject
Project("{9A19103F-16F7-4668-BE54-9A1E7A4F7556}") = "DomainServices.ProductService.Abstraction", "DomainServices\ProductService\Abstraction\DomainServices.ProductService.Abstraction.csproj", "{7E78FAF4-E885-459B-9FBB-2D91B5867344}"
EndProject
Project("{2150E333-8FDC-42A3-9474-1A3956D46DE8}") = "ExternalServices", "ExternalServices", "{024DEFE9-2886-4C04-A3B0-118BE9B9C0DB}"
EndProject
Project("{2150E333-8FDC-42A3-9474-1A3956D46DE8}") = "CaseService", "CaseService", "{1AB95406-90FE-4CAA-8536-6846B37A450E}"
EndProject
Project("{9A19103F-16F7-4668-BE54-9A1E7A4F7556}") = "DomainServices.CaseService.Api", "DomainServices\CaseService\Api\DomainServices.CaseService.Api.csproj", "{A8779642-2FA0-4A5C-ADB1-13DD0C425000}"
EndProject
Project("{9A19103F-16F7-4668-BE54-9A1E7A4F7556}") = "DomainServices.CaseService.Contracts", "DomainServices\CaseService\Contracts\DomainServices.CaseService.Contracts.csproj", "{35C7C9F7-A793-45FC-B318-1A4643DEDDB8}"
EndProject
Project("{9A19103F-16F7-4668-BE54-9A1E7A4F7556}") = "Console_ServiceDiscovery", "Playgrounds\Console_ServiceDiscovery\Console_ServiceDiscovery.csproj", "{5FA98D2E-F70A-444C-9838-59AB9DC2960D}"
EndProject
Project("{9A19103F-16F7-4668-BE54-9A1E7A4F7556}") = "Console_Storage", "Playgrounds\Console_Storage\Console_Storage.csproj", "{8D6771B3-61A8-41E2-B671-C7722E7BDA98}"
EndProject
Project("{9A19103F-16F7-4668-BE54-9A1E7A4F7556}") = "Console_OfferService", "Playgrounds\Console_OfferService\Console_OfferService.csproj", "{CCB7D18B-2C79-453C-9892-A795E2BC4AE2}"
EndProject
Project("{9A19103F-16F7-4668-BE54-9A1E7A4F7556}") = "Console_CodebookService", "Playgrounds\Console_CodebookService\Console_CodebookService.csproj", "{B5DE315C-6DEC-4C9E-9E31-375ECD69720C}"
EndProject
Project("{9A19103F-16F7-4668-BE54-9A1E7A4F7556}") = "Console_ProductService", "Playgrounds\Console_ProductService\Console_ProductService.csproj", "{6B463FAE-98A9-4525-A700-68D7BDBD79EA}"
EndProject
Project("{9A19103F-16F7-4668-BE54-9A1E7A4F7556}") = "ExternalServices.Eas", "ExternalServices\Eas\ExternalServices.Eas.csproj", "{2E4D42D7-F764-4E3A-B05F-13E2A83F4853}"
EndProject
Project("{9A19103F-16F7-4668-BE54-9A1E7A4F7556}") = "DomainServices.CaseService.Abstraction", "DomainServices\CaseService\Abstraction\DomainServices.CaseService.Abstraction.csproj", "{0983FAF5-AA4A-4D81-BE5C-D696612F1FA4}"
EndProject
Project("{2150E333-8FDC-42A3-9474-1A3956D46DE8}") = "SalesArrangementService", "SalesArrangementService", "{36409700-CB0A-4C91-97A5-071D3300FF91}"
EndProject
Project("{9A19103F-16F7-4668-BE54-9A1E7A4F7556}") = "DomainServices.SalesArrangementService.Contracts", "DomainServices\SalesArrangementService\Contracts\DomainServices.SalesArrangementService.Contracts.csproj", "{FA5B30A4-38EA-4AB8-B745-CF638AED50EF}"
EndProject
Project("{9A19103F-16F7-4668-BE54-9A1E7A4F7556}") = "DomainServices.SalesArrangementService.Api", "DomainServices\SalesArrangementService\Api\DomainServices.SalesArrangementService.Api.csproj", "{3ADB008A-E627-45B0-B46F-EACEA1A55A20}"
EndProject
Project("{9A19103F-16F7-4668-BE54-9A1E7A4F7556}") = "DomainServices.SalesArrangementService.Abstraction", "DomainServices\SalesArrangementService\Abstraction\DomainServices.SalesArrangementService.Abstraction.csproj", "{1940849F-E9B4-4C09-A10A-870988C94D4A}"
EndProject
Project("{9A19103F-16F7-4668-BE54-9A1E7A4F7556}") = "ExternalServices.MpHome", "ExternalServices\MpHome\ExternalServices.MpHome.csproj", "{7A8F1EC8-FB16-4E28-90F3-513EA98C0181}"
EndProject
Project("{2150E333-8FDC-42A3-9474-1A3956D46DE8}") = "UserService", "UserService", "{C8A13CA9-9250-496C-9420-CDAFAA999E43}"
EndProject
Project("{9A19103F-16F7-4668-BE54-9A1E7A4F7556}") = "DomainServices.UserService.Contracts", "DomainServices\UserService\Contracts\DomainServices.UserService.Contracts.csproj", "{A939DEA6-D6C4-416F-9593-566E656D211C}"
EndProject
Project("{9A19103F-16F7-4668-BE54-9A1E7A4F7556}") = "DomainServices.UserService.Api", "DomainServices\UserService\Api\DomainServices.UserService.Api.csproj", "{FBF62539-BA98-484A-9456-B6C975BC057B}"
EndProject
Project("{9A19103F-16F7-4668-BE54-9A1E7A4F7556}") = "DomainServices.UserService.Clients", "DomainServices\UserService\Clients\DomainServices.UserService.Clients.csproj", "{24A8B4BC-9D4F-4EC3-A0B5-A3CE726A3E4A}"
EndProject
Project("{9A19103F-16F7-4668-BE54-9A1E7A4F7556}") = "CIS.Infrastructure.Telemetry", "CIS\Infrastructure.Telemetry\CIS.Infrastructure.Telemetry.csproj", "{A1DDA8E6-3D61-4079-94C7-7B8CE6B7B0BB}"
EndProject
Project("{2150E333-8FDC-42A3-9474-1A3956D46DE8}") = "DocumentService", "DocumentService", "{C038444F-9A42-4473-BCA8-C50E9E0A5416}"
EndProject
Project("{9A19103F-16F7-4668-BE54-9A1E7A4F7556}") = "DomainServices.DocumentService.Abstraction", "DomainServices\DocumentService\Abstraction\DomainServices.DocumentService.Abstraction.csproj", "{37C4F956-653E-404D-A0FF-CBD14432C2E3}"
EndProject
Project("{9A19103F-16F7-4668-BE54-9A1E7A4F7556}") = "DomainServices.DocumentService.Contracts", "DomainServices\DocumentService\Contracts\DomainServices.DocumentService.Contracts.csproj", "{AFF45C59-1B91-445D-BC9B-7F2342488FA1}"
EndProject
Project("{9A19103F-16F7-4668-BE54-9A1E7A4F7556}") = "DomainServices.DocumentService.Api", "DomainServices\DocumentService\Api\DomainServices.DocumentService.Api.csproj", "{7EAA0FCD-8CBB-437B-B820-64E62CBE6F48}"
EndProject
Project("{9A19103F-16F7-4668-BE54-9A1E7A4F7556}") = "ExternalServices.ESignatures", "ExternalServices\ESignatures\ExternalServices.ESignatures.csproj", "{66BDC101-1194-4772-AEC7-609CC994DF55}"
EndProject
Project("{9A19103F-16F7-4668-BE54-9A1E7A4F7556}") = "CIS.Infrastructure.Logging.Extensions", "CIS\Infrastructure.Logging.Extensions\CIS.Infrastructure.Logging.Extensions.csproj", "{14E6A65E-30EE-4F78-A76D-8D6ED3467A0B}"
EndProject
Project("{9A19103F-16F7-4668-BE54-9A1E7A4F7556}") = "CIS.Foms.Types", "CIS\Foms.Types\CIS.Foms.Types.csproj", "{3428A3F8-F671-406E-B1E0-63885A96F527}"
EndProject
Project("{9A19103F-16F7-4668-BE54-9A1E7A4F7556}") = "FOMS.Services", "FOMS\FOMS.Services\FOMS.Services.csproj", "{5FEC5F40-BFC3-4B70-9006-9D7C21CC5ECC}"
EndProject
Project("{2150E333-8FDC-42A3-9474-1A3956D46DE8}") = "RiskIntegrationService", "RiskIntegrationService", "{FA204FC0-70AF-4FBB-A148-49FD214AC1DF}"
EndProject
Project("{9A19103F-16F7-4668-BE54-9A1E7A4F7556}") = "DomainServices.RiskIntegrationService.Contracts", "DomainServices\RiskIntegrationService\Contracts\DomainServices.RiskIntegrationService.Contracts.csproj", "{0E10ED2B-884F-484B-A24B-5D0F62E5CE0D}"
EndProject
Project("{9A19103F-16F7-4668-BE54-9A1E7A4F7556}") = "DomainServices.RiskIntegrationService.Api", "DomainServices\RiskIntegrationService\Api\DomainServices.RiskIntegrationService.Api.csproj", "{DB728629-D622-4950-BA50-A587D2C262E1}"
EndProject
Project("{9A19103F-16F7-4668-BE54-9A1E7A4F7556}") = "CIS.DomainServicesSecurity", "CIS\DomainServicesSecurity\CIS.DomainServicesSecurity.csproj", "{AE3021C4-2C68-4ED5-B39D-CEB7FE96F218}"
EndProject
Project("{9A19103F-16F7-4668-BE54-9A1E7A4F7556}") = "FOMS.LogApi", "FOMS\FOMS.LogApi\FOMS.LogApi.csproj", "{0620778C-3839-4F6B-9A3F-FF15B4F5E2E5}"
EndProject
Project("{9A19103F-16F7-4668-BE54-9A1E7A4F7556}") = "DomainServices.RiskIntegrationService.Clients", "DomainServices\RiskIntegrationService\Clients\DomainServices.RiskIntegrationService.Clients.csproj", "{0C83B5DE-9BAF-4FFE-9A97-83AE072A134C}"
EndProject
Project("{9A19103F-16F7-4668-BE54-9A1E7A4F7556}") = "ExternalServices.SbWebApi", "ExternalServices\SbWebApi\ExternalServices.SbWebApi.csproj", "{6903FF67-0347-4AC5-9782-C88C52DADE5C}"
EndProject
Project("{9A19103F-16F7-4668-BE54-9A1E7A4F7556}") = "CIS.ExternalServicesHelpers", "CIS\ExternalServicesHelpers\CIS.ExternalServicesHelpers.csproj", "{6B0A6819-AB66-4960-9EE2-5AA18CE65972}"
EndProject
Project("{9A19103F-16F7-4668-BE54-9A1E7A4F7556}") = "ExternalServices.EasSimulationHT", "ExternalServices\EasSimulationHT\ExternalServices.EasSimulationHT.csproj", "{E6AB80FE-1647-4D1C-BEB8-9380964DB3BD}"
EndProject
Project("{9A19103F-16F7-4668-BE54-9A1E7A4F7556}") = "Console_RiskIntegrationService", "Playgrounds\Console_RiskIntegrationService\Console_RiskIntegrationService.csproj", "{7C6DA138-865C-417A-9AC2-1CA77817BB63}"
EndProject
Project("{9A19103F-16F7-4668-BE54-9A1E7A4F7556}") = "ExternalServices.Sulm", "ExternalServices\Sulm\ExternalServices.Sulm.csproj", "{FC70376D-F556-4758-B80F-81E3DFB7F6AB}"
EndProject
Project("{2150E333-8FDC-42A3-9474-1A3956D46DE8}") = "NotificationService", "NotificationService", "{46414B85-D1B6-411D-B232-C6CC8B35FE57}"
EndProject
Project("{9A19103F-16F7-4668-BE54-9A1E7A4F7556}") = "CIS.InternalServices.NotificationService.Clients", "InternalServices\NotificationService\CIS.InternalServices.NotificationService.Clients\CIS.InternalServices.NotificationService.Clients.csproj", "{FCD3AC0C-04FE-4DD1-8279-21FA0510D633}"
EndProject
Project("{9A19103F-16F7-4668-BE54-9A1E7A4F7556}") = "CIS.InternalServices.NotificationService.Contracts", "InternalServices\NotificationService\CIS.InternalServices.NotificationService.Contracts\CIS.InternalServices.NotificationService.Contracts.csproj", "{67BB0077-7777-4F58-AE62-99072014325C}"
EndProject
Project("{9A19103F-16F7-4668-BE54-9A1E7A4F7556}") = "CIS.InternalServices.NotificationService.Api", "InternalServices\NotificationService\CIS.InternalServices.NotificationService.Api\CIS.InternalServices.NotificationService.Api.csproj", "{CE140FFD-1014-4F3C-BAE2-1D39F6F9129F}"
EndProject
Project("{9A19103F-16F7-4668-BE54-9A1E7A4F7556}") = "ExternalServices.AddressWhisperer", "ExternalServices\AddressWhisperer\ExternalServices.AddressWhisperer.csproj", "{1A72059E-47EB-4371-9F9E-250B4F902C89}"
EndProject
Project("{2150E333-8FDC-42A3-9474-1A3956D46DE8}") = "DocumentGeneratorService", "DocumentGeneratorService", "{4184CEDA-0D2B-4BEC-8EE1-7D50B6A3E22E}"
EndProject
Project("{9A19103F-16F7-4668-BE54-9A1E7A4F7556}") = "CIS.InternalServices.DocumentGeneratorService.Api", "InternalServices\DocumentGeneratorService\Api\CIS.InternalServices.DocumentGeneratorService.Api.csproj", "{72A6D893-C5BB-4118-92B8-25F9E013BAA1}"
EndProject
Project("{9A19103F-16F7-4668-BE54-9A1E7A4F7556}") = "CIS.InternalServices.DocumentGeneratorService.Contracts", "InternalServices\DocumentGeneratorService\Contracts\CIS.InternalServices.DocumentGeneratorService.Contracts.csproj", "{43CBBED0-8599-4C5D-B0F4-F7FAE26D1FE2}"
EndProject
Project("{9A19103F-16F7-4668-BE54-9A1E7A4F7556}") = "CIS.InternalServices.DocumentGeneratorService.Clients", "InternalServices\DocumentGeneratorService\Clients\CIS.InternalServices.DocumentGeneratorService.Clients.csproj", "{37C614B5-BD2D-4509-ABA3-F5CA74B3C58B}"
EndProject
Project("{2150E333-8FDC-42A3-9474-1A3956D46DE8}") = "NotificationService", "NotificationService", "{6AF68A4E-BDE9-4A1A-BA14-4AF3BB038CC2}"
EndProject
Project("{9A19103F-16F7-4668-BE54-9A1E7A4F7556}") = "Console_NotificationService", "Playgrounds\NotificationService\Console_NotificationService\Console_NotificationService.csproj", "{95762529-6391-4332-8829-1195002DFE32}"
EndProject
Project("{9A19103F-16F7-4668-BE54-9A1E7A4F7556}") = "Mock_KB_NotificationWorker", "Playgrounds\NotificationService\Mock_KB_NotificationWorker\Mock_KB_NotificationWorker.csproj", "{A8931807-0751-4BED-A3A1-987BF6C932B1}"
EndProject
Project("{9A19103F-16F7-4668-BE54-9A1E7A4F7556}") = "CIS.InternalServices.NotificationService.Msc", "InternalServices\NotificationService\CIS.InternalServices.NotificationService.Msc\CIS.InternalServices.NotificationService.Msc.csproj", "{FA542662-EE7D-44DD-9E17-647751C627DB}"
EndProject
Project("{2150E333-8FDC-42A3-9474-1A3956D46DE8}") = "HouseholdService", "HouseholdService", "{9A7EA3D2-ACFF-46A1-8F0B-7E2AA09BBF5D}"
EndProject
Project("{9A19103F-16F7-4668-BE54-9A1E7A4F7556}") = "DomainServices.HouseholdService.Contracts", "DomainServices\HouseholdService\Contracts\DomainServices.HouseholdService.Contracts.csproj", "{32D80892-7DB3-4BCC-AA23-55254FB478BA}"
EndProject
Project("{9A19103F-16F7-4668-BE54-9A1E7A4F7556}") = "DomainServices.HouseholdService.Api", "DomainServices\HouseholdService\Api\DomainServices.HouseholdService.Api.csproj", "{6A12E6D1-613A-46EB-AD42-625D7DC5AB21}"
EndProject
Project("{9A19103F-16F7-4668-BE54-9A1E7A4F7556}") = "DomainServices.HouseholdService.Clients", "DomainServices\HouseholdService\Clients\DomainServices.HouseholdService.Clients.csproj", "{2AB718B0-5F91-4909-82B3-DC576747EBA8}"
EndProject
Project("{2150E333-8FDC-42A3-9474-1A3956D46DE8}") = "DocumentArchiveService", "DocumentArchiveService", "{FD432970-0CA5-4632-9121-6A24C1B5A967}"
EndProject
Project("{9A19103F-16F7-4668-BE54-9A1E7A4F7556}") = "CIS.InternalServices.DocumentArchiveService.Contracts", "InternalServices\DocumentArchiveService\Contracts\CIS.InternalServices.DocumentArchiveService.Contracts.csproj", "{6C0E2E65-F93A-460A-82F9-BC861D60E7D8}"
EndProject
Project("{9A19103F-16F7-4668-BE54-9A1E7A4F7556}") = "CIS.InternalServices.DocumentArchiveService.Clients", "InternalServices\DocumentArchiveService\Clients\CIS.InternalServices.DocumentArchiveService.Clients.csproj", "{235157F3-EC56-44F3-9ACC-4956E6262E24}"
EndProject
Project("{9A19103F-16F7-4668-BE54-9A1E7A4F7556}") = "CIS.InternalServices.DocumentArchiveService.Api", "InternalServices\DocumentArchiveService\Api\CIS.InternalServices.DocumentArchiveService.Api.csproj", "{D4C76CA4-518A-40EE-BAC0-584389478B19}"
EndProject
Global
	GlobalSection(SolutionConfigurationPlatforms) = preSolution
		Debug|Any CPU = Debug|Any CPU
		Debug|x64 = Debug|x64
		Release|Any CPU = Release|Any CPU
		Release|x64 = Release|x64
	EndGlobalSection
	GlobalSection(ProjectConfigurationPlatforms) = postSolution
		{AF160DD6-9B07-47AE-9818-CF521D8832A6}.Debug|Any CPU.ActiveCfg = Debug|Any CPU
		{AF160DD6-9B07-47AE-9818-CF521D8832A6}.Debug|Any CPU.Build.0 = Debug|Any CPU
		{AF160DD6-9B07-47AE-9818-CF521D8832A6}.Debug|x64.ActiveCfg = Debug|x64
		{AF160DD6-9B07-47AE-9818-CF521D8832A6}.Debug|x64.Build.0 = Debug|x64
		{AF160DD6-9B07-47AE-9818-CF521D8832A6}.Release|Any CPU.ActiveCfg = Release|Any CPU
		{AF160DD6-9B07-47AE-9818-CF521D8832A6}.Release|Any CPU.Build.0 = Release|Any CPU
		{AF160DD6-9B07-47AE-9818-CF521D8832A6}.Release|x64.ActiveCfg = Release|x64
		{AF160DD6-9B07-47AE-9818-CF521D8832A6}.Release|x64.Build.0 = Release|x64
		{3CD474EA-4748-4C52-9B64-DA6B9DFC5F2F}.Debug|Any CPU.ActiveCfg = Debug|Any CPU
		{3CD474EA-4748-4C52-9B64-DA6B9DFC5F2F}.Debug|Any CPU.Build.0 = Debug|Any CPU
		{3CD474EA-4748-4C52-9B64-DA6B9DFC5F2F}.Debug|x64.ActiveCfg = Debug|x64
		{3CD474EA-4748-4C52-9B64-DA6B9DFC5F2F}.Debug|x64.Build.0 = Debug|x64
		{3CD474EA-4748-4C52-9B64-DA6B9DFC5F2F}.Release|Any CPU.ActiveCfg = Release|Any CPU
		{3CD474EA-4748-4C52-9B64-DA6B9DFC5F2F}.Release|Any CPU.Build.0 = Release|Any CPU
		{3CD474EA-4748-4C52-9B64-DA6B9DFC5F2F}.Release|x64.ActiveCfg = Release|x64
		{3CD474EA-4748-4C52-9B64-DA6B9DFC5F2F}.Release|x64.Build.0 = Release|x64
		{6922D88B-2BD5-4115-9A7F-1CDF95F37E2B}.Debug|Any CPU.ActiveCfg = Debug|Any CPU
		{6922D88B-2BD5-4115-9A7F-1CDF95F37E2B}.Debug|Any CPU.Build.0 = Debug|Any CPU
		{6922D88B-2BD5-4115-9A7F-1CDF95F37E2B}.Debug|x64.ActiveCfg = Debug|x64
		{6922D88B-2BD5-4115-9A7F-1CDF95F37E2B}.Debug|x64.Build.0 = Debug|x64
		{6922D88B-2BD5-4115-9A7F-1CDF95F37E2B}.Release|Any CPU.ActiveCfg = Release|Any CPU
		{6922D88B-2BD5-4115-9A7F-1CDF95F37E2B}.Release|Any CPU.Build.0 = Release|Any CPU
		{6922D88B-2BD5-4115-9A7F-1CDF95F37E2B}.Release|x64.ActiveCfg = Release|x64
		{6922D88B-2BD5-4115-9A7F-1CDF95F37E2B}.Release|x64.Build.0 = Release|x64
		{0A609C83-12D8-4E90-AC5C-057AAA706263}.Debug|Any CPU.ActiveCfg = Debug|Any CPU
		{0A609C83-12D8-4E90-AC5C-057AAA706263}.Debug|Any CPU.Build.0 = Debug|Any CPU
		{0A609C83-12D8-4E90-AC5C-057AAA706263}.Debug|x64.ActiveCfg = Debug|x64
		{0A609C83-12D8-4E90-AC5C-057AAA706263}.Debug|x64.Build.0 = Debug|x64
		{0A609C83-12D8-4E90-AC5C-057AAA706263}.Release|Any CPU.ActiveCfg = Release|Any CPU
		{0A609C83-12D8-4E90-AC5C-057AAA706263}.Release|Any CPU.Build.0 = Release|Any CPU
		{0A609C83-12D8-4E90-AC5C-057AAA706263}.Release|x64.ActiveCfg = Release|x64
		{0A609C83-12D8-4E90-AC5C-057AAA706263}.Release|x64.Build.0 = Release|x64
		{825CEB62-6040-447A-9B5D-46E9368E9DB4}.Debug|Any CPU.ActiveCfg = Debug|Any CPU
		{825CEB62-6040-447A-9B5D-46E9368E9DB4}.Debug|Any CPU.Build.0 = Debug|Any CPU
		{825CEB62-6040-447A-9B5D-46E9368E9DB4}.Debug|x64.ActiveCfg = Debug|x64
		{825CEB62-6040-447A-9B5D-46E9368E9DB4}.Debug|x64.Build.0 = Debug|x64
		{825CEB62-6040-447A-9B5D-46E9368E9DB4}.Release|Any CPU.ActiveCfg = Release|Any CPU
		{825CEB62-6040-447A-9B5D-46E9368E9DB4}.Release|Any CPU.Build.0 = Release|Any CPU
		{825CEB62-6040-447A-9B5D-46E9368E9DB4}.Release|x64.ActiveCfg = Release|x64
		{825CEB62-6040-447A-9B5D-46E9368E9DB4}.Release|x64.Build.0 = Release|x64
		{3137E70E-C13E-46DF-83FA-5D1549E083F3}.Debug|Any CPU.ActiveCfg = Debug|Any CPU
		{3137E70E-C13E-46DF-83FA-5D1549E083F3}.Debug|Any CPU.Build.0 = Debug|Any CPU
		{3137E70E-C13E-46DF-83FA-5D1549E083F3}.Debug|x64.ActiveCfg = Debug|x64
		{3137E70E-C13E-46DF-83FA-5D1549E083F3}.Debug|x64.Build.0 = Debug|x64
		{3137E70E-C13E-46DF-83FA-5D1549E083F3}.Release|Any CPU.ActiveCfg = Release|Any CPU
		{3137E70E-C13E-46DF-83FA-5D1549E083F3}.Release|Any CPU.Build.0 = Release|Any CPU
		{3137E70E-C13E-46DF-83FA-5D1549E083F3}.Release|x64.ActiveCfg = Release|x64
		{3137E70E-C13E-46DF-83FA-5D1549E083F3}.Release|x64.Build.0 = Release|x64
		{BE7F138F-939E-443E-A043-A8752E03916C}.Debug|Any CPU.ActiveCfg = Debug|Any CPU
		{BE7F138F-939E-443E-A043-A8752E03916C}.Debug|Any CPU.Build.0 = Debug|Any CPU
		{BE7F138F-939E-443E-A043-A8752E03916C}.Debug|x64.ActiveCfg = Debug|x64
		{BE7F138F-939E-443E-A043-A8752E03916C}.Debug|x64.Build.0 = Debug|x64
		{BE7F138F-939E-443E-A043-A8752E03916C}.Release|Any CPU.ActiveCfg = Release|Any CPU
		{BE7F138F-939E-443E-A043-A8752E03916C}.Release|Any CPU.Build.0 = Release|Any CPU
		{BE7F138F-939E-443E-A043-A8752E03916C}.Release|x64.ActiveCfg = Release|x64
		{BE7F138F-939E-443E-A043-A8752E03916C}.Release|x64.Build.0 = Release|x64
		{A0681C51-F04A-4CDC-89BF-05B9BB1DA39A}.Debug|Any CPU.ActiveCfg = Debug|Any CPU
		{A0681C51-F04A-4CDC-89BF-05B9BB1DA39A}.Debug|Any CPU.Build.0 = Debug|Any CPU
		{A0681C51-F04A-4CDC-89BF-05B9BB1DA39A}.Debug|x64.ActiveCfg = Debug|x64
		{A0681C51-F04A-4CDC-89BF-05B9BB1DA39A}.Debug|x64.Build.0 = Debug|x64
		{A0681C51-F04A-4CDC-89BF-05B9BB1DA39A}.Release|Any CPU.ActiveCfg = Release|Any CPU
		{A0681C51-F04A-4CDC-89BF-05B9BB1DA39A}.Release|Any CPU.Build.0 = Release|Any CPU
		{A0681C51-F04A-4CDC-89BF-05B9BB1DA39A}.Release|x64.ActiveCfg = Release|x64
		{A0681C51-F04A-4CDC-89BF-05B9BB1DA39A}.Release|x64.Build.0 = Release|x64
		{9228581E-30D6-45D0-A83C-B3F7566F299F}.Debug|Any CPU.ActiveCfg = Debug|Any CPU
		{9228581E-30D6-45D0-A83C-B3F7566F299F}.Debug|Any CPU.Build.0 = Debug|Any CPU
		{9228581E-30D6-45D0-A83C-B3F7566F299F}.Debug|x64.ActiveCfg = Debug|x64
		{9228581E-30D6-45D0-A83C-B3F7566F299F}.Debug|x64.Build.0 = Debug|x64
		{9228581E-30D6-45D0-A83C-B3F7566F299F}.Release|Any CPU.ActiveCfg = Release|Any CPU
		{9228581E-30D6-45D0-A83C-B3F7566F299F}.Release|Any CPU.Build.0 = Release|Any CPU
		{9228581E-30D6-45D0-A83C-B3F7566F299F}.Release|x64.ActiveCfg = Release|x64
		{9228581E-30D6-45D0-A83C-B3F7566F299F}.Release|x64.Build.0 = Release|x64
		{853F7808-DAE9-4A13-A6A6-CBC7A1EFC969}.Debug|Any CPU.ActiveCfg = Debug|Any CPU
		{853F7808-DAE9-4A13-A6A6-CBC7A1EFC969}.Debug|Any CPU.Build.0 = Debug|Any CPU
		{853F7808-DAE9-4A13-A6A6-CBC7A1EFC969}.Debug|x64.ActiveCfg = Debug|x64
		{853F7808-DAE9-4A13-A6A6-CBC7A1EFC969}.Debug|x64.Build.0 = Debug|x64
		{853F7808-DAE9-4A13-A6A6-CBC7A1EFC969}.Release|Any CPU.ActiveCfg = Release|Any CPU
		{853F7808-DAE9-4A13-A6A6-CBC7A1EFC969}.Release|Any CPU.Build.0 = Release|Any CPU
		{853F7808-DAE9-4A13-A6A6-CBC7A1EFC969}.Release|x64.ActiveCfg = Release|x64
		{853F7808-DAE9-4A13-A6A6-CBC7A1EFC969}.Release|x64.Build.0 = Release|x64
		{C575CD43-C9FD-4221-A518-1199253BE6FF}.Debug|Any CPU.ActiveCfg = Debug|Any CPU
		{C575CD43-C9FD-4221-A518-1199253BE6FF}.Debug|Any CPU.Build.0 = Debug|Any CPU
		{C575CD43-C9FD-4221-A518-1199253BE6FF}.Debug|x64.ActiveCfg = Debug|x64
		{C575CD43-C9FD-4221-A518-1199253BE6FF}.Debug|x64.Build.0 = Debug|x64
		{C575CD43-C9FD-4221-A518-1199253BE6FF}.Release|Any CPU.ActiveCfg = Release|Any CPU
		{C575CD43-C9FD-4221-A518-1199253BE6FF}.Release|Any CPU.Build.0 = Release|Any CPU
		{C575CD43-C9FD-4221-A518-1199253BE6FF}.Release|x64.ActiveCfg = Release|x64
		{C575CD43-C9FD-4221-A518-1199253BE6FF}.Release|x64.Build.0 = Release|x64
		{4FE907A0-58DB-4B94-A1D8-02EDB598D6B7}.Debug|Any CPU.ActiveCfg = Debug|Any CPU
		{4FE907A0-58DB-4B94-A1D8-02EDB598D6B7}.Debug|Any CPU.Build.0 = Debug|Any CPU
		{4FE907A0-58DB-4B94-A1D8-02EDB598D6B7}.Debug|x64.ActiveCfg = Debug|x64
		{4FE907A0-58DB-4B94-A1D8-02EDB598D6B7}.Debug|x64.Build.0 = Debug|x64
		{4FE907A0-58DB-4B94-A1D8-02EDB598D6B7}.Release|Any CPU.ActiveCfg = Release|Any CPU
		{4FE907A0-58DB-4B94-A1D8-02EDB598D6B7}.Release|Any CPU.Build.0 = Release|Any CPU
		{4FE907A0-58DB-4B94-A1D8-02EDB598D6B7}.Release|x64.ActiveCfg = Release|x64
		{4FE907A0-58DB-4B94-A1D8-02EDB598D6B7}.Release|x64.Build.0 = Release|x64
		{7DA287EF-22CE-4114-9E89-C310E6217080}.Debug|Any CPU.ActiveCfg = Debug|Any CPU
		{7DA287EF-22CE-4114-9E89-C310E6217080}.Debug|Any CPU.Build.0 = Debug|Any CPU
		{7DA287EF-22CE-4114-9E89-C310E6217080}.Debug|x64.ActiveCfg = Debug|x64
		{7DA287EF-22CE-4114-9E89-C310E6217080}.Debug|x64.Build.0 = Debug|x64
		{7DA287EF-22CE-4114-9E89-C310E6217080}.Release|Any CPU.ActiveCfg = Release|Any CPU
		{7DA287EF-22CE-4114-9E89-C310E6217080}.Release|Any CPU.Build.0 = Release|Any CPU
		{7DA287EF-22CE-4114-9E89-C310E6217080}.Release|x64.ActiveCfg = Release|x64
		{7DA287EF-22CE-4114-9E89-C310E6217080}.Release|x64.Build.0 = Release|x64
		{EA856A99-17EE-4834-A5E4-212C87F9B963}.Debug|Any CPU.ActiveCfg = Debug|Any CPU
		{EA856A99-17EE-4834-A5E4-212C87F9B963}.Debug|Any CPU.Build.0 = Debug|Any CPU
		{EA856A99-17EE-4834-A5E4-212C87F9B963}.Debug|x64.ActiveCfg = Debug|x64
		{EA856A99-17EE-4834-A5E4-212C87F9B963}.Debug|x64.Build.0 = Debug|x64
		{EA856A99-17EE-4834-A5E4-212C87F9B963}.Release|Any CPU.ActiveCfg = Release|Any CPU
		{EA856A99-17EE-4834-A5E4-212C87F9B963}.Release|Any CPU.Build.0 = Release|Any CPU
		{EA856A99-17EE-4834-A5E4-212C87F9B963}.Release|x64.ActiveCfg = Release|x64
		{EA856A99-17EE-4834-A5E4-212C87F9B963}.Release|x64.Build.0 = Release|x64
		{B04E3BC0-2F79-4BB3-85D6-768AD3DB98E2}.Debug|Any CPU.ActiveCfg = Debug|Any CPU
		{B04E3BC0-2F79-4BB3-85D6-768AD3DB98E2}.Debug|Any CPU.Build.0 = Debug|Any CPU
		{B04E3BC0-2F79-4BB3-85D6-768AD3DB98E2}.Debug|x64.ActiveCfg = Debug|x64
		{B04E3BC0-2F79-4BB3-85D6-768AD3DB98E2}.Debug|x64.Build.0 = Debug|x64
		{B04E3BC0-2F79-4BB3-85D6-768AD3DB98E2}.Release|Any CPU.ActiveCfg = Release|Any CPU
		{B04E3BC0-2F79-4BB3-85D6-768AD3DB98E2}.Release|Any CPU.Build.0 = Release|Any CPU
		{B04E3BC0-2F79-4BB3-85D6-768AD3DB98E2}.Release|x64.ActiveCfg = Release|x64
		{B04E3BC0-2F79-4BB3-85D6-768AD3DB98E2}.Release|x64.Build.0 = Release|x64
		{BE9FCE3F-E547-4E4D-BD3F-C9BE487E6E9E}.Debug|Any CPU.ActiveCfg = Debug|Any CPU
		{BE9FCE3F-E547-4E4D-BD3F-C9BE487E6E9E}.Debug|Any CPU.Build.0 = Debug|Any CPU
		{BE9FCE3F-E547-4E4D-BD3F-C9BE487E6E9E}.Debug|x64.ActiveCfg = Debug|x64
		{BE9FCE3F-E547-4E4D-BD3F-C9BE487E6E9E}.Debug|x64.Build.0 = Debug|x64
		{BE9FCE3F-E547-4E4D-BD3F-C9BE487E6E9E}.Release|Any CPU.ActiveCfg = Release|Any CPU
		{BE9FCE3F-E547-4E4D-BD3F-C9BE487E6E9E}.Release|Any CPU.Build.0 = Release|Any CPU
		{BE9FCE3F-E547-4E4D-BD3F-C9BE487E6E9E}.Release|x64.ActiveCfg = Release|x64
		{BE9FCE3F-E547-4E4D-BD3F-C9BE487E6E9E}.Release|x64.Build.0 = Release|x64
		{4BC2FB92-EBAE-40F3-8873-AE712D866195}.Debug|Any CPU.ActiveCfg = Debug|Any CPU
		{4BC2FB92-EBAE-40F3-8873-AE712D866195}.Debug|Any CPU.Build.0 = Debug|Any CPU
		{4BC2FB92-EBAE-40F3-8873-AE712D866195}.Debug|x64.ActiveCfg = Debug|x64
		{4BC2FB92-EBAE-40F3-8873-AE712D866195}.Debug|x64.Build.0 = Debug|x64
		{4BC2FB92-EBAE-40F3-8873-AE712D866195}.Release|Any CPU.ActiveCfg = Release|Any CPU
		{4BC2FB92-EBAE-40F3-8873-AE712D866195}.Release|Any CPU.Build.0 = Release|Any CPU
		{4BC2FB92-EBAE-40F3-8873-AE712D866195}.Release|x64.ActiveCfg = Release|x64
		{4BC2FB92-EBAE-40F3-8873-AE712D866195}.Release|x64.Build.0 = Release|x64
		{7A1307BD-0B58-4F54-831C-6B7FE507F7EE}.Debug|Any CPU.ActiveCfg = Debug|Any CPU
		{7A1307BD-0B58-4F54-831C-6B7FE507F7EE}.Debug|Any CPU.Build.0 = Debug|Any CPU
		{7A1307BD-0B58-4F54-831C-6B7FE507F7EE}.Debug|x64.ActiveCfg = Debug|x64
		{7A1307BD-0B58-4F54-831C-6B7FE507F7EE}.Debug|x64.Build.0 = Debug|x64
		{7A1307BD-0B58-4F54-831C-6B7FE507F7EE}.Release|Any CPU.ActiveCfg = Release|Any CPU
		{7A1307BD-0B58-4F54-831C-6B7FE507F7EE}.Release|Any CPU.Build.0 = Release|Any CPU
		{7A1307BD-0B58-4F54-831C-6B7FE507F7EE}.Release|x64.ActiveCfg = Release|x64
		{7A1307BD-0B58-4F54-831C-6B7FE507F7EE}.Release|x64.Build.0 = Release|x64
		{EDB5ADA8-B0DA-4F61-B3EB-346AB7BC96DB}.Debug|Any CPU.ActiveCfg = Debug|Any CPU
		{EDB5ADA8-B0DA-4F61-B3EB-346AB7BC96DB}.Debug|Any CPU.Build.0 = Debug|Any CPU
		{EDB5ADA8-B0DA-4F61-B3EB-346AB7BC96DB}.Debug|x64.ActiveCfg = Debug|x64
		{EDB5ADA8-B0DA-4F61-B3EB-346AB7BC96DB}.Debug|x64.Build.0 = Debug|x64
		{EDB5ADA8-B0DA-4F61-B3EB-346AB7BC96DB}.Release|Any CPU.ActiveCfg = Release|Any CPU
		{EDB5ADA8-B0DA-4F61-B3EB-346AB7BC96DB}.Release|Any CPU.Build.0 = Release|Any CPU
		{EDB5ADA8-B0DA-4F61-B3EB-346AB7BC96DB}.Release|x64.ActiveCfg = Release|x64
		{EDB5ADA8-B0DA-4F61-B3EB-346AB7BC96DB}.Release|x64.Build.0 = Release|x64
		{D0492191-2356-444C-8653-440F9CD031CE}.Debug|Any CPU.ActiveCfg = Debug|Any CPU
		{D0492191-2356-444C-8653-440F9CD031CE}.Debug|Any CPU.Build.0 = Debug|Any CPU
		{D0492191-2356-444C-8653-440F9CD031CE}.Debug|x64.ActiveCfg = Debug|Any CPU
		{D0492191-2356-444C-8653-440F9CD031CE}.Debug|x64.Build.0 = Debug|Any CPU
		{D0492191-2356-444C-8653-440F9CD031CE}.Release|Any CPU.ActiveCfg = Release|Any CPU
		{D0492191-2356-444C-8653-440F9CD031CE}.Release|Any CPU.Build.0 = Release|Any CPU
		{D0492191-2356-444C-8653-440F9CD031CE}.Release|x64.ActiveCfg = Release|Any CPU
		{D0492191-2356-444C-8653-440F9CD031CE}.Release|x64.Build.0 = Release|Any CPU
		{96A9DCD2-4A3A-4C48-A3C4-63E7DBC7047B}.Debug|Any CPU.ActiveCfg = Debug|Any CPU
		{96A9DCD2-4A3A-4C48-A3C4-63E7DBC7047B}.Debug|Any CPU.Build.0 = Debug|Any CPU
		{96A9DCD2-4A3A-4C48-A3C4-63E7DBC7047B}.Debug|x64.ActiveCfg = Debug|Any CPU
		{96A9DCD2-4A3A-4C48-A3C4-63E7DBC7047B}.Debug|x64.Build.0 = Debug|Any CPU
		{96A9DCD2-4A3A-4C48-A3C4-63E7DBC7047B}.Release|Any CPU.ActiveCfg = Release|Any CPU
		{96A9DCD2-4A3A-4C48-A3C4-63E7DBC7047B}.Release|Any CPU.Build.0 = Release|Any CPU
		{96A9DCD2-4A3A-4C48-A3C4-63E7DBC7047B}.Release|x64.ActiveCfg = Release|Any CPU
		{96A9DCD2-4A3A-4C48-A3C4-63E7DBC7047B}.Release|x64.Build.0 = Release|Any CPU
		{ADF64991-2512-4F52-918A-755E9AA3AD30}.Debug|Any CPU.ActiveCfg = Debug|Any CPU
		{ADF64991-2512-4F52-918A-755E9AA3AD30}.Debug|Any CPU.Build.0 = Debug|Any CPU
		{ADF64991-2512-4F52-918A-755E9AA3AD30}.Debug|x64.ActiveCfg = Debug|Any CPU
		{ADF64991-2512-4F52-918A-755E9AA3AD30}.Debug|x64.Build.0 = Debug|Any CPU
		{ADF64991-2512-4F52-918A-755E9AA3AD30}.Release|Any CPU.ActiveCfg = Release|Any CPU
		{ADF64991-2512-4F52-918A-755E9AA3AD30}.Release|Any CPU.Build.0 = Release|Any CPU
		{ADF64991-2512-4F52-918A-755E9AA3AD30}.Release|x64.ActiveCfg = Release|Any CPU
		{ADF64991-2512-4F52-918A-755E9AA3AD30}.Release|x64.Build.0 = Release|Any CPU
		{FA114815-6534-4B0B-A8EB-A70554E78BD0}.Debug|Any CPU.ActiveCfg = Debug|Any CPU
		{FA114815-6534-4B0B-A8EB-A70554E78BD0}.Debug|Any CPU.Build.0 = Debug|Any CPU
		{FA114815-6534-4B0B-A8EB-A70554E78BD0}.Debug|x64.ActiveCfg = Debug|Any CPU
		{FA114815-6534-4B0B-A8EB-A70554E78BD0}.Debug|x64.Build.0 = Debug|Any CPU
		{FA114815-6534-4B0B-A8EB-A70554E78BD0}.Release|Any CPU.ActiveCfg = Release|Any CPU
		{FA114815-6534-4B0B-A8EB-A70554E78BD0}.Release|Any CPU.Build.0 = Release|Any CPU
		{FA114815-6534-4B0B-A8EB-A70554E78BD0}.Release|x64.ActiveCfg = Release|Any CPU
		{FA114815-6534-4B0B-A8EB-A70554E78BD0}.Release|x64.Build.0 = Release|Any CPU
		{1DF285A9-0B91-4FAA-9B6D-0D12EEF0740B}.Debug|Any CPU.ActiveCfg = Debug|Any CPU
		{1DF285A9-0B91-4FAA-9B6D-0D12EEF0740B}.Debug|Any CPU.Build.0 = Debug|Any CPU
		{1DF285A9-0B91-4FAA-9B6D-0D12EEF0740B}.Debug|x64.ActiveCfg = Debug|Any CPU
		{1DF285A9-0B91-4FAA-9B6D-0D12EEF0740B}.Debug|x64.Build.0 = Debug|Any CPU
		{1DF285A9-0B91-4FAA-9B6D-0D12EEF0740B}.Release|Any CPU.ActiveCfg = Release|Any CPU
		{1DF285A9-0B91-4FAA-9B6D-0D12EEF0740B}.Release|Any CPU.Build.0 = Release|Any CPU
		{1DF285A9-0B91-4FAA-9B6D-0D12EEF0740B}.Release|x64.ActiveCfg = Release|Any CPU
		{1DF285A9-0B91-4FAA-9B6D-0D12EEF0740B}.Release|x64.Build.0 = Release|Any CPU
		{FE48768D-D1AE-4CF9-9CFD-FD77A46F4706}.Debug|Any CPU.ActiveCfg = Debug|Any CPU
		{FE48768D-D1AE-4CF9-9CFD-FD77A46F4706}.Debug|Any CPU.Build.0 = Debug|Any CPU
		{FE48768D-D1AE-4CF9-9CFD-FD77A46F4706}.Debug|x64.ActiveCfg = Debug|Any CPU
		{FE48768D-D1AE-4CF9-9CFD-FD77A46F4706}.Debug|x64.Build.0 = Debug|Any CPU
		{FE48768D-D1AE-4CF9-9CFD-FD77A46F4706}.Release|Any CPU.ActiveCfg = Release|Any CPU
		{FE48768D-D1AE-4CF9-9CFD-FD77A46F4706}.Release|Any CPU.Build.0 = Release|Any CPU
		{FE48768D-D1AE-4CF9-9CFD-FD77A46F4706}.Release|x64.ActiveCfg = Release|Any CPU
		{FE48768D-D1AE-4CF9-9CFD-FD77A46F4706}.Release|x64.Build.0 = Release|Any CPU
		{237646E9-FD74-49CE-B851-288E928D7A53}.Debug|Any CPU.ActiveCfg = Debug|Any CPU
		{237646E9-FD74-49CE-B851-288E928D7A53}.Debug|Any CPU.Build.0 = Debug|Any CPU
		{237646E9-FD74-49CE-B851-288E928D7A53}.Debug|x64.ActiveCfg = Debug|Any CPU
		{237646E9-FD74-49CE-B851-288E928D7A53}.Debug|x64.Build.0 = Debug|Any CPU
		{237646E9-FD74-49CE-B851-288E928D7A53}.Release|Any CPU.ActiveCfg = Release|Any CPU
		{237646E9-FD74-49CE-B851-288E928D7A53}.Release|Any CPU.Build.0 = Release|Any CPU
		{237646E9-FD74-49CE-B851-288E928D7A53}.Release|x64.ActiveCfg = Release|Any CPU
		{237646E9-FD74-49CE-B851-288E928D7A53}.Release|x64.Build.0 = Release|Any CPU
		{7674159D-9AFF-4F46-AECF-4AF8763FF522}.Debug|Any CPU.ActiveCfg = Debug|Any CPU
		{7674159D-9AFF-4F46-AECF-4AF8763FF522}.Debug|Any CPU.Build.0 = Debug|Any CPU
		{7674159D-9AFF-4F46-AECF-4AF8763FF522}.Debug|x64.ActiveCfg = Debug|Any CPU
		{7674159D-9AFF-4F46-AECF-4AF8763FF522}.Debug|x64.Build.0 = Debug|Any CPU
		{7674159D-9AFF-4F46-AECF-4AF8763FF522}.Release|Any CPU.ActiveCfg = Release|Any CPU
		{7674159D-9AFF-4F46-AECF-4AF8763FF522}.Release|Any CPU.Build.0 = Release|Any CPU
		{7674159D-9AFF-4F46-AECF-4AF8763FF522}.Release|x64.ActiveCfg = Release|Any CPU
		{7674159D-9AFF-4F46-AECF-4AF8763FF522}.Release|x64.Build.0 = Release|Any CPU
		{1C9F9248-6999-4CEE-9F61-EB0C1B1831CB}.Debug|Any CPU.ActiveCfg = Debug|Any CPU
		{1C9F9248-6999-4CEE-9F61-EB0C1B1831CB}.Debug|Any CPU.Build.0 = Debug|Any CPU
		{1C9F9248-6999-4CEE-9F61-EB0C1B1831CB}.Debug|x64.ActiveCfg = Debug|Any CPU
		{1C9F9248-6999-4CEE-9F61-EB0C1B1831CB}.Debug|x64.Build.0 = Debug|Any CPU
		{1C9F9248-6999-4CEE-9F61-EB0C1B1831CB}.Release|Any CPU.ActiveCfg = Release|Any CPU
		{1C9F9248-6999-4CEE-9F61-EB0C1B1831CB}.Release|Any CPU.Build.0 = Release|Any CPU
		{1C9F9248-6999-4CEE-9F61-EB0C1B1831CB}.Release|x64.ActiveCfg = Release|Any CPU
		{1C9F9248-6999-4CEE-9F61-EB0C1B1831CB}.Release|x64.Build.0 = Release|Any CPU
		{2E40E374-7F57-4D9F-A12A-871A43055450}.Debug|Any CPU.ActiveCfg = Debug|Any CPU
		{2E40E374-7F57-4D9F-A12A-871A43055450}.Debug|Any CPU.Build.0 = Debug|Any CPU
		{2E40E374-7F57-4D9F-A12A-871A43055450}.Debug|x64.ActiveCfg = Debug|Any CPU
		{2E40E374-7F57-4D9F-A12A-871A43055450}.Debug|x64.Build.0 = Debug|Any CPU
		{2E40E374-7F57-4D9F-A12A-871A43055450}.Release|Any CPU.ActiveCfg = Release|Any CPU
		{2E40E374-7F57-4D9F-A12A-871A43055450}.Release|Any CPU.Build.0 = Release|Any CPU
		{2E40E374-7F57-4D9F-A12A-871A43055450}.Release|x64.ActiveCfg = Release|Any CPU
		{2E40E374-7F57-4D9F-A12A-871A43055450}.Release|x64.Build.0 = Release|Any CPU
		{0AE59B37-4AF6-4994-B92F-991F3E8A829A}.Debug|Any CPU.ActiveCfg = Debug|Any CPU
		{0AE59B37-4AF6-4994-B92F-991F3E8A829A}.Debug|Any CPU.Build.0 = Debug|Any CPU
		{0AE59B37-4AF6-4994-B92F-991F3E8A829A}.Debug|x64.ActiveCfg = Debug|Any CPU
		{0AE59B37-4AF6-4994-B92F-991F3E8A829A}.Debug|x64.Build.0 = Debug|Any CPU
		{0AE59B37-4AF6-4994-B92F-991F3E8A829A}.Release|Any CPU.ActiveCfg = Release|Any CPU
		{0AE59B37-4AF6-4994-B92F-991F3E8A829A}.Release|Any CPU.Build.0 = Release|Any CPU
		{0AE59B37-4AF6-4994-B92F-991F3E8A829A}.Release|x64.ActiveCfg = Release|Any CPU
		{0AE59B37-4AF6-4994-B92F-991F3E8A829A}.Release|x64.Build.0 = Release|Any CPU
		{B5389800-F7B1-4C6F-944E-921ADFF9772C}.Debug|Any CPU.ActiveCfg = Debug|Any CPU
		{B5389800-F7B1-4C6F-944E-921ADFF9772C}.Debug|Any CPU.Build.0 = Debug|Any CPU
		{B5389800-F7B1-4C6F-944E-921ADFF9772C}.Debug|x64.ActiveCfg = Debug|Any CPU
		{B5389800-F7B1-4C6F-944E-921ADFF9772C}.Debug|x64.Build.0 = Debug|Any CPU
		{B5389800-F7B1-4C6F-944E-921ADFF9772C}.Release|Any CPU.ActiveCfg = Release|Any CPU
		{B5389800-F7B1-4C6F-944E-921ADFF9772C}.Release|Any CPU.Build.0 = Release|Any CPU
		{B5389800-F7B1-4C6F-944E-921ADFF9772C}.Release|x64.ActiveCfg = Release|Any CPU
		{B5389800-F7B1-4C6F-944E-921ADFF9772C}.Release|x64.Build.0 = Release|Any CPU
		{4D3CFA42-4EC9-4C23-9016-DB12AEF74623}.Debug|Any CPU.ActiveCfg = Debug|Any CPU
		{4D3CFA42-4EC9-4C23-9016-DB12AEF74623}.Debug|Any CPU.Build.0 = Debug|Any CPU
		{4D3CFA42-4EC9-4C23-9016-DB12AEF74623}.Debug|x64.ActiveCfg = Debug|Any CPU
		{4D3CFA42-4EC9-4C23-9016-DB12AEF74623}.Debug|x64.Build.0 = Debug|Any CPU
		{4D3CFA42-4EC9-4C23-9016-DB12AEF74623}.Release|Any CPU.ActiveCfg = Release|Any CPU
		{4D3CFA42-4EC9-4C23-9016-DB12AEF74623}.Release|Any CPU.Build.0 = Release|Any CPU
		{4D3CFA42-4EC9-4C23-9016-DB12AEF74623}.Release|x64.ActiveCfg = Release|Any CPU
		{4D3CFA42-4EC9-4C23-9016-DB12AEF74623}.Release|x64.Build.0 = Release|Any CPU
		{66E6AE74-95C6-41DC-B32B-A7FE02395930}.Debug|Any CPU.ActiveCfg = Debug|Any CPU
		{66E6AE74-95C6-41DC-B32B-A7FE02395930}.Debug|Any CPU.Build.0 = Debug|Any CPU
		{66E6AE74-95C6-41DC-B32B-A7FE02395930}.Debug|x64.ActiveCfg = Debug|Any CPU
		{66E6AE74-95C6-41DC-B32B-A7FE02395930}.Debug|x64.Build.0 = Debug|Any CPU
		{66E6AE74-95C6-41DC-B32B-A7FE02395930}.Release|Any CPU.ActiveCfg = Release|Any CPU
		{66E6AE74-95C6-41DC-B32B-A7FE02395930}.Release|Any CPU.Build.0 = Release|Any CPU
		{66E6AE74-95C6-41DC-B32B-A7FE02395930}.Release|x64.ActiveCfg = Release|Any CPU
		{66E6AE74-95C6-41DC-B32B-A7FE02395930}.Release|x64.Build.0 = Release|Any CPU
		{7E78FAF4-E885-459B-9FBB-2D91B5867344}.Debug|Any CPU.ActiveCfg = Debug|Any CPU
		{7E78FAF4-E885-459B-9FBB-2D91B5867344}.Debug|Any CPU.Build.0 = Debug|Any CPU
		{7E78FAF4-E885-459B-9FBB-2D91B5867344}.Debug|x64.ActiveCfg = Debug|Any CPU
		{7E78FAF4-E885-459B-9FBB-2D91B5867344}.Debug|x64.Build.0 = Debug|Any CPU
		{7E78FAF4-E885-459B-9FBB-2D91B5867344}.Release|Any CPU.ActiveCfg = Release|Any CPU
		{7E78FAF4-E885-459B-9FBB-2D91B5867344}.Release|Any CPU.Build.0 = Release|Any CPU
		{7E78FAF4-E885-459B-9FBB-2D91B5867344}.Release|x64.ActiveCfg = Release|Any CPU
		{7E78FAF4-E885-459B-9FBB-2D91B5867344}.Release|x64.Build.0 = Release|Any CPU
		{A8779642-2FA0-4A5C-ADB1-13DD0C425000}.Debug|Any CPU.ActiveCfg = Debug|Any CPU
		{A8779642-2FA0-4A5C-ADB1-13DD0C425000}.Debug|Any CPU.Build.0 = Debug|Any CPU
		{A8779642-2FA0-4A5C-ADB1-13DD0C425000}.Debug|x64.ActiveCfg = Debug|Any CPU
		{A8779642-2FA0-4A5C-ADB1-13DD0C425000}.Debug|x64.Build.0 = Debug|Any CPU
		{A8779642-2FA0-4A5C-ADB1-13DD0C425000}.Release|Any CPU.ActiveCfg = Release|Any CPU
		{A8779642-2FA0-4A5C-ADB1-13DD0C425000}.Release|Any CPU.Build.0 = Release|Any CPU
		{A8779642-2FA0-4A5C-ADB1-13DD0C425000}.Release|x64.ActiveCfg = Release|Any CPU
		{A8779642-2FA0-4A5C-ADB1-13DD0C425000}.Release|x64.Build.0 = Release|Any CPU
		{35C7C9F7-A793-45FC-B318-1A4643DEDDB8}.Debug|Any CPU.ActiveCfg = Debug|Any CPU
		{35C7C9F7-A793-45FC-B318-1A4643DEDDB8}.Debug|Any CPU.Build.0 = Debug|Any CPU
		{35C7C9F7-A793-45FC-B318-1A4643DEDDB8}.Debug|x64.ActiveCfg = Debug|Any CPU
		{35C7C9F7-A793-45FC-B318-1A4643DEDDB8}.Debug|x64.Build.0 = Debug|Any CPU
		{35C7C9F7-A793-45FC-B318-1A4643DEDDB8}.Release|Any CPU.ActiveCfg = Release|Any CPU
		{35C7C9F7-A793-45FC-B318-1A4643DEDDB8}.Release|Any CPU.Build.0 = Release|Any CPU
		{35C7C9F7-A793-45FC-B318-1A4643DEDDB8}.Release|x64.ActiveCfg = Release|Any CPU
		{35C7C9F7-A793-45FC-B318-1A4643DEDDB8}.Release|x64.Build.0 = Release|Any CPU
		{5FA98D2E-F70A-444C-9838-59AB9DC2960D}.Debug|Any CPU.ActiveCfg = Debug|Any CPU
		{5FA98D2E-F70A-444C-9838-59AB9DC2960D}.Debug|Any CPU.Build.0 = Debug|Any CPU
		{5FA98D2E-F70A-444C-9838-59AB9DC2960D}.Debug|x64.ActiveCfg = Debug|x64
		{5FA98D2E-F70A-444C-9838-59AB9DC2960D}.Debug|x64.Build.0 = Debug|x64
		{5FA98D2E-F70A-444C-9838-59AB9DC2960D}.Release|Any CPU.ActiveCfg = Release|Any CPU
		{5FA98D2E-F70A-444C-9838-59AB9DC2960D}.Release|Any CPU.Build.0 = Release|Any CPU
		{5FA98D2E-F70A-444C-9838-59AB9DC2960D}.Release|x64.ActiveCfg = Release|x64
		{5FA98D2E-F70A-444C-9838-59AB9DC2960D}.Release|x64.Build.0 = Release|x64
		{8D6771B3-61A8-41E2-B671-C7722E7BDA98}.Debug|Any CPU.ActiveCfg = Debug|Any CPU
		{8D6771B3-61A8-41E2-B671-C7722E7BDA98}.Debug|Any CPU.Build.0 = Debug|Any CPU
		{8D6771B3-61A8-41E2-B671-C7722E7BDA98}.Debug|x64.ActiveCfg = Debug|x64
		{8D6771B3-61A8-41E2-B671-C7722E7BDA98}.Debug|x64.Build.0 = Debug|x64
		{8D6771B3-61A8-41E2-B671-C7722E7BDA98}.Release|Any CPU.ActiveCfg = Release|Any CPU
		{8D6771B3-61A8-41E2-B671-C7722E7BDA98}.Release|Any CPU.Build.0 = Release|Any CPU
		{8D6771B3-61A8-41E2-B671-C7722E7BDA98}.Release|x64.ActiveCfg = Release|x64
		{8D6771B3-61A8-41E2-B671-C7722E7BDA98}.Release|x64.Build.0 = Release|x64
		{CCB7D18B-2C79-453C-9892-A795E2BC4AE2}.Debug|Any CPU.ActiveCfg = Debug|Any CPU
		{CCB7D18B-2C79-453C-9892-A795E2BC4AE2}.Debug|Any CPU.Build.0 = Debug|Any CPU
		{CCB7D18B-2C79-453C-9892-A795E2BC4AE2}.Debug|x64.ActiveCfg = Debug|x64
		{CCB7D18B-2C79-453C-9892-A795E2BC4AE2}.Debug|x64.Build.0 = Debug|x64
		{CCB7D18B-2C79-453C-9892-A795E2BC4AE2}.Release|Any CPU.ActiveCfg = Release|Any CPU
		{CCB7D18B-2C79-453C-9892-A795E2BC4AE2}.Release|Any CPU.Build.0 = Release|Any CPU
		{CCB7D18B-2C79-453C-9892-A795E2BC4AE2}.Release|x64.ActiveCfg = Release|x64
		{CCB7D18B-2C79-453C-9892-A795E2BC4AE2}.Release|x64.Build.0 = Release|x64
		{B5DE315C-6DEC-4C9E-9E31-375ECD69720C}.Debug|Any CPU.ActiveCfg = Debug|Any CPU
		{B5DE315C-6DEC-4C9E-9E31-375ECD69720C}.Debug|Any CPU.Build.0 = Debug|Any CPU
		{B5DE315C-6DEC-4C9E-9E31-375ECD69720C}.Debug|x64.ActiveCfg = Debug|Any CPU
		{B5DE315C-6DEC-4C9E-9E31-375ECD69720C}.Debug|x64.Build.0 = Debug|Any CPU
		{B5DE315C-6DEC-4C9E-9E31-375ECD69720C}.Release|Any CPU.ActiveCfg = Release|Any CPU
		{B5DE315C-6DEC-4C9E-9E31-375ECD69720C}.Release|Any CPU.Build.0 = Release|Any CPU
		{B5DE315C-6DEC-4C9E-9E31-375ECD69720C}.Release|x64.ActiveCfg = Release|Any CPU
		{B5DE315C-6DEC-4C9E-9E31-375ECD69720C}.Release|x64.Build.0 = Release|Any CPU
		{6B463FAE-98A9-4525-A700-68D7BDBD79EA}.Debug|Any CPU.ActiveCfg = Debug|Any CPU
		{6B463FAE-98A9-4525-A700-68D7BDBD79EA}.Debug|Any CPU.Build.0 = Debug|Any CPU
		{6B463FAE-98A9-4525-A700-68D7BDBD79EA}.Debug|x64.ActiveCfg = Debug|Any CPU
		{6B463FAE-98A9-4525-A700-68D7BDBD79EA}.Debug|x64.Build.0 = Debug|Any CPU
		{6B463FAE-98A9-4525-A700-68D7BDBD79EA}.Release|Any CPU.ActiveCfg = Release|Any CPU
		{6B463FAE-98A9-4525-A700-68D7BDBD79EA}.Release|Any CPU.Build.0 = Release|Any CPU
		{6B463FAE-98A9-4525-A700-68D7BDBD79EA}.Release|x64.ActiveCfg = Release|Any CPU
		{6B463FAE-98A9-4525-A700-68D7BDBD79EA}.Release|x64.Build.0 = Release|Any CPU
		{2E4D42D7-F764-4E3A-B05F-13E2A83F4853}.Debug|Any CPU.ActiveCfg = Debug|Any CPU
		{2E4D42D7-F764-4E3A-B05F-13E2A83F4853}.Debug|Any CPU.Build.0 = Debug|Any CPU
		{2E4D42D7-F764-4E3A-B05F-13E2A83F4853}.Debug|x64.ActiveCfg = Debug|Any CPU
		{2E4D42D7-F764-4E3A-B05F-13E2A83F4853}.Debug|x64.Build.0 = Debug|Any CPU
		{2E4D42D7-F764-4E3A-B05F-13E2A83F4853}.Release|Any CPU.ActiveCfg = Release|Any CPU
		{2E4D42D7-F764-4E3A-B05F-13E2A83F4853}.Release|Any CPU.Build.0 = Release|Any CPU
		{2E4D42D7-F764-4E3A-B05F-13E2A83F4853}.Release|x64.ActiveCfg = Release|Any CPU
		{2E4D42D7-F764-4E3A-B05F-13E2A83F4853}.Release|x64.Build.0 = Release|Any CPU
		{0983FAF5-AA4A-4D81-BE5C-D696612F1FA4}.Debug|Any CPU.ActiveCfg = Debug|Any CPU
		{0983FAF5-AA4A-4D81-BE5C-D696612F1FA4}.Debug|Any CPU.Build.0 = Debug|Any CPU
		{0983FAF5-AA4A-4D81-BE5C-D696612F1FA4}.Debug|x64.ActiveCfg = Debug|Any CPU
		{0983FAF5-AA4A-4D81-BE5C-D696612F1FA4}.Debug|x64.Build.0 = Debug|Any CPU
		{0983FAF5-AA4A-4D81-BE5C-D696612F1FA4}.Release|Any CPU.ActiveCfg = Release|Any CPU
		{0983FAF5-AA4A-4D81-BE5C-D696612F1FA4}.Release|Any CPU.Build.0 = Release|Any CPU
		{0983FAF5-AA4A-4D81-BE5C-D696612F1FA4}.Release|x64.ActiveCfg = Release|Any CPU
		{0983FAF5-AA4A-4D81-BE5C-D696612F1FA4}.Release|x64.Build.0 = Release|Any CPU
		{FA5B30A4-38EA-4AB8-B745-CF638AED50EF}.Debug|Any CPU.ActiveCfg = Debug|Any CPU
		{FA5B30A4-38EA-4AB8-B745-CF638AED50EF}.Debug|Any CPU.Build.0 = Debug|Any CPU
		{FA5B30A4-38EA-4AB8-B745-CF638AED50EF}.Debug|x64.ActiveCfg = Debug|Any CPU
		{FA5B30A4-38EA-4AB8-B745-CF638AED50EF}.Debug|x64.Build.0 = Debug|Any CPU
		{FA5B30A4-38EA-4AB8-B745-CF638AED50EF}.Release|Any CPU.ActiveCfg = Release|Any CPU
		{FA5B30A4-38EA-4AB8-B745-CF638AED50EF}.Release|Any CPU.Build.0 = Release|Any CPU
		{FA5B30A4-38EA-4AB8-B745-CF638AED50EF}.Release|x64.ActiveCfg = Release|Any CPU
		{FA5B30A4-38EA-4AB8-B745-CF638AED50EF}.Release|x64.Build.0 = Release|Any CPU
		{3ADB008A-E627-45B0-B46F-EACEA1A55A20}.Debug|Any CPU.ActiveCfg = Debug|Any CPU
		{3ADB008A-E627-45B0-B46F-EACEA1A55A20}.Debug|Any CPU.Build.0 = Debug|Any CPU
		{3ADB008A-E627-45B0-B46F-EACEA1A55A20}.Debug|x64.ActiveCfg = Debug|Any CPU
		{3ADB008A-E627-45B0-B46F-EACEA1A55A20}.Debug|x64.Build.0 = Debug|Any CPU
		{3ADB008A-E627-45B0-B46F-EACEA1A55A20}.Release|Any CPU.ActiveCfg = Release|Any CPU
		{3ADB008A-E627-45B0-B46F-EACEA1A55A20}.Release|Any CPU.Build.0 = Release|Any CPU
		{3ADB008A-E627-45B0-B46F-EACEA1A55A20}.Release|x64.ActiveCfg = Release|Any CPU
		{3ADB008A-E627-45B0-B46F-EACEA1A55A20}.Release|x64.Build.0 = Release|Any CPU
		{1940849F-E9B4-4C09-A10A-870988C94D4A}.Debug|Any CPU.ActiveCfg = Debug|Any CPU
		{1940849F-E9B4-4C09-A10A-870988C94D4A}.Debug|Any CPU.Build.0 = Debug|Any CPU
		{1940849F-E9B4-4C09-A10A-870988C94D4A}.Debug|x64.ActiveCfg = Debug|Any CPU
		{1940849F-E9B4-4C09-A10A-870988C94D4A}.Debug|x64.Build.0 = Debug|Any CPU
		{1940849F-E9B4-4C09-A10A-870988C94D4A}.Release|Any CPU.ActiveCfg = Release|Any CPU
		{1940849F-E9B4-4C09-A10A-870988C94D4A}.Release|Any CPU.Build.0 = Release|Any CPU
		{1940849F-E9B4-4C09-A10A-870988C94D4A}.Release|x64.ActiveCfg = Release|Any CPU
		{1940849F-E9B4-4C09-A10A-870988C94D4A}.Release|x64.Build.0 = Release|Any CPU
		{7A8F1EC8-FB16-4E28-90F3-513EA98C0181}.Debug|Any CPU.ActiveCfg = Debug|Any CPU
		{7A8F1EC8-FB16-4E28-90F3-513EA98C0181}.Debug|Any CPU.Build.0 = Debug|Any CPU
		{7A8F1EC8-FB16-4E28-90F3-513EA98C0181}.Debug|x64.ActiveCfg = Debug|Any CPU
		{7A8F1EC8-FB16-4E28-90F3-513EA98C0181}.Debug|x64.Build.0 = Debug|Any CPU
		{7A8F1EC8-FB16-4E28-90F3-513EA98C0181}.Release|Any CPU.ActiveCfg = Release|Any CPU
		{7A8F1EC8-FB16-4E28-90F3-513EA98C0181}.Release|Any CPU.Build.0 = Release|Any CPU
		{7A8F1EC8-FB16-4E28-90F3-513EA98C0181}.Release|x64.ActiveCfg = Release|Any CPU
		{7A8F1EC8-FB16-4E28-90F3-513EA98C0181}.Release|x64.Build.0 = Release|Any CPU
		{A939DEA6-D6C4-416F-9593-566E656D211C}.Debug|Any CPU.ActiveCfg = Debug|Any CPU
		{A939DEA6-D6C4-416F-9593-566E656D211C}.Debug|Any CPU.Build.0 = Debug|Any CPU
		{A939DEA6-D6C4-416F-9593-566E656D211C}.Debug|x64.ActiveCfg = Debug|Any CPU
		{A939DEA6-D6C4-416F-9593-566E656D211C}.Debug|x64.Build.0 = Debug|Any CPU
		{A939DEA6-D6C4-416F-9593-566E656D211C}.Release|Any CPU.ActiveCfg = Release|Any CPU
		{A939DEA6-D6C4-416F-9593-566E656D211C}.Release|Any CPU.Build.0 = Release|Any CPU
		{A939DEA6-D6C4-416F-9593-566E656D211C}.Release|x64.ActiveCfg = Release|Any CPU
		{A939DEA6-D6C4-416F-9593-566E656D211C}.Release|x64.Build.0 = Release|Any CPU
		{FBF62539-BA98-484A-9456-B6C975BC057B}.Debug|Any CPU.ActiveCfg = Debug|Any CPU
		{FBF62539-BA98-484A-9456-B6C975BC057B}.Debug|Any CPU.Build.0 = Debug|Any CPU
		{FBF62539-BA98-484A-9456-B6C975BC057B}.Debug|x64.ActiveCfg = Debug|Any CPU
		{FBF62539-BA98-484A-9456-B6C975BC057B}.Debug|x64.Build.0 = Debug|Any CPU
		{FBF62539-BA98-484A-9456-B6C975BC057B}.Release|Any CPU.ActiveCfg = Release|Any CPU
		{FBF62539-BA98-484A-9456-B6C975BC057B}.Release|Any CPU.Build.0 = Release|Any CPU
		{FBF62539-BA98-484A-9456-B6C975BC057B}.Release|x64.ActiveCfg = Release|Any CPU
		{FBF62539-BA98-484A-9456-B6C975BC057B}.Release|x64.Build.0 = Release|Any CPU
		{24A8B4BC-9D4F-4EC3-A0B5-A3CE726A3E4A}.Debug|Any CPU.ActiveCfg = Debug|Any CPU
		{24A8B4BC-9D4F-4EC3-A0B5-A3CE726A3E4A}.Debug|Any CPU.Build.0 = Debug|Any CPU
		{24A8B4BC-9D4F-4EC3-A0B5-A3CE726A3E4A}.Debug|x64.ActiveCfg = Debug|Any CPU
		{24A8B4BC-9D4F-4EC3-A0B5-A3CE726A3E4A}.Debug|x64.Build.0 = Debug|Any CPU
		{24A8B4BC-9D4F-4EC3-A0B5-A3CE726A3E4A}.Release|Any CPU.ActiveCfg = Release|Any CPU
		{24A8B4BC-9D4F-4EC3-A0B5-A3CE726A3E4A}.Release|Any CPU.Build.0 = Release|Any CPU
		{24A8B4BC-9D4F-4EC3-A0B5-A3CE726A3E4A}.Release|x64.ActiveCfg = Release|Any CPU
		{24A8B4BC-9D4F-4EC3-A0B5-A3CE726A3E4A}.Release|x64.Build.0 = Release|Any CPU
		{A1DDA8E6-3D61-4079-94C7-7B8CE6B7B0BB}.Debug|Any CPU.ActiveCfg = Debug|Any CPU
		{A1DDA8E6-3D61-4079-94C7-7B8CE6B7B0BB}.Debug|Any CPU.Build.0 = Debug|Any CPU
		{A1DDA8E6-3D61-4079-94C7-7B8CE6B7B0BB}.Debug|x64.ActiveCfg = Debug|Any CPU
		{A1DDA8E6-3D61-4079-94C7-7B8CE6B7B0BB}.Debug|x64.Build.0 = Debug|Any CPU
		{A1DDA8E6-3D61-4079-94C7-7B8CE6B7B0BB}.Release|Any CPU.ActiveCfg = Release|Any CPU
		{A1DDA8E6-3D61-4079-94C7-7B8CE6B7B0BB}.Release|Any CPU.Build.0 = Release|Any CPU
		{A1DDA8E6-3D61-4079-94C7-7B8CE6B7B0BB}.Release|x64.ActiveCfg = Release|Any CPU
		{A1DDA8E6-3D61-4079-94C7-7B8CE6B7B0BB}.Release|x64.Build.0 = Release|Any CPU
		{37C4F956-653E-404D-A0FF-CBD14432C2E3}.Debug|Any CPU.ActiveCfg = Debug|Any CPU
		{37C4F956-653E-404D-A0FF-CBD14432C2E3}.Debug|Any CPU.Build.0 = Debug|Any CPU
		{37C4F956-653E-404D-A0FF-CBD14432C2E3}.Debug|x64.ActiveCfg = Debug|Any CPU
		{37C4F956-653E-404D-A0FF-CBD14432C2E3}.Debug|x64.Build.0 = Debug|Any CPU
		{37C4F956-653E-404D-A0FF-CBD14432C2E3}.Release|Any CPU.ActiveCfg = Release|Any CPU
		{37C4F956-653E-404D-A0FF-CBD14432C2E3}.Release|Any CPU.Build.0 = Release|Any CPU
		{37C4F956-653E-404D-A0FF-CBD14432C2E3}.Release|x64.ActiveCfg = Release|Any CPU
		{37C4F956-653E-404D-A0FF-CBD14432C2E3}.Release|x64.Build.0 = Release|Any CPU
		{AFF45C59-1B91-445D-BC9B-7F2342488FA1}.Debug|Any CPU.ActiveCfg = Debug|Any CPU
		{AFF45C59-1B91-445D-BC9B-7F2342488FA1}.Debug|Any CPU.Build.0 = Debug|Any CPU
		{AFF45C59-1B91-445D-BC9B-7F2342488FA1}.Debug|x64.ActiveCfg = Debug|Any CPU
		{AFF45C59-1B91-445D-BC9B-7F2342488FA1}.Debug|x64.Build.0 = Debug|Any CPU
		{AFF45C59-1B91-445D-BC9B-7F2342488FA1}.Release|Any CPU.ActiveCfg = Release|Any CPU
		{AFF45C59-1B91-445D-BC9B-7F2342488FA1}.Release|Any CPU.Build.0 = Release|Any CPU
		{AFF45C59-1B91-445D-BC9B-7F2342488FA1}.Release|x64.ActiveCfg = Release|Any CPU
		{AFF45C59-1B91-445D-BC9B-7F2342488FA1}.Release|x64.Build.0 = Release|Any CPU
		{7EAA0FCD-8CBB-437B-B820-64E62CBE6F48}.Debug|Any CPU.ActiveCfg = Debug|Any CPU
		{7EAA0FCD-8CBB-437B-B820-64E62CBE6F48}.Debug|Any CPU.Build.0 = Debug|Any CPU
		{7EAA0FCD-8CBB-437B-B820-64E62CBE6F48}.Debug|x64.ActiveCfg = Debug|Any CPU
		{7EAA0FCD-8CBB-437B-B820-64E62CBE6F48}.Debug|x64.Build.0 = Debug|Any CPU
		{7EAA0FCD-8CBB-437B-B820-64E62CBE6F48}.Release|Any CPU.ActiveCfg = Release|Any CPU
		{7EAA0FCD-8CBB-437B-B820-64E62CBE6F48}.Release|Any CPU.Build.0 = Release|Any CPU
		{7EAA0FCD-8CBB-437B-B820-64E62CBE6F48}.Release|x64.ActiveCfg = Release|Any CPU
		{7EAA0FCD-8CBB-437B-B820-64E62CBE6F48}.Release|x64.Build.0 = Release|Any CPU
		{66BDC101-1194-4772-AEC7-609CC994DF55}.Debug|Any CPU.ActiveCfg = Debug|Any CPU
		{66BDC101-1194-4772-AEC7-609CC994DF55}.Debug|Any CPU.Build.0 = Debug|Any CPU
		{66BDC101-1194-4772-AEC7-609CC994DF55}.Debug|x64.ActiveCfg = Debug|Any CPU
		{66BDC101-1194-4772-AEC7-609CC994DF55}.Debug|x64.Build.0 = Debug|Any CPU
		{66BDC101-1194-4772-AEC7-609CC994DF55}.Release|Any CPU.ActiveCfg = Release|Any CPU
		{66BDC101-1194-4772-AEC7-609CC994DF55}.Release|Any CPU.Build.0 = Release|Any CPU
		{66BDC101-1194-4772-AEC7-609CC994DF55}.Release|x64.ActiveCfg = Release|Any CPU
		{66BDC101-1194-4772-AEC7-609CC994DF55}.Release|x64.Build.0 = Release|Any CPU
		{14E6A65E-30EE-4F78-A76D-8D6ED3467A0B}.Debug|Any CPU.ActiveCfg = Debug|Any CPU
		{14E6A65E-30EE-4F78-A76D-8D6ED3467A0B}.Debug|Any CPU.Build.0 = Debug|Any CPU
		{14E6A65E-30EE-4F78-A76D-8D6ED3467A0B}.Debug|x64.ActiveCfg = Debug|Any CPU
		{14E6A65E-30EE-4F78-A76D-8D6ED3467A0B}.Debug|x64.Build.0 = Debug|Any CPU
		{14E6A65E-30EE-4F78-A76D-8D6ED3467A0B}.Release|Any CPU.ActiveCfg = Release|Any CPU
		{14E6A65E-30EE-4F78-A76D-8D6ED3467A0B}.Release|Any CPU.Build.0 = Release|Any CPU
		{14E6A65E-30EE-4F78-A76D-8D6ED3467A0B}.Release|x64.ActiveCfg = Release|Any CPU
		{14E6A65E-30EE-4F78-A76D-8D6ED3467A0B}.Release|x64.Build.0 = Release|Any CPU
		{3428A3F8-F671-406E-B1E0-63885A96F527}.Debug|Any CPU.ActiveCfg = Debug|Any CPU
		{3428A3F8-F671-406E-B1E0-63885A96F527}.Debug|Any CPU.Build.0 = Debug|Any CPU
		{3428A3F8-F671-406E-B1E0-63885A96F527}.Debug|x64.ActiveCfg = Debug|Any CPU
		{3428A3F8-F671-406E-B1E0-63885A96F527}.Debug|x64.Build.0 = Debug|Any CPU
		{3428A3F8-F671-406E-B1E0-63885A96F527}.Release|Any CPU.ActiveCfg = Release|Any CPU
		{3428A3F8-F671-406E-B1E0-63885A96F527}.Release|Any CPU.Build.0 = Release|Any CPU
		{3428A3F8-F671-406E-B1E0-63885A96F527}.Release|x64.ActiveCfg = Release|Any CPU
		{3428A3F8-F671-406E-B1E0-63885A96F527}.Release|x64.Build.0 = Release|Any CPU
		{5FEC5F40-BFC3-4B70-9006-9D7C21CC5ECC}.Debug|Any CPU.ActiveCfg = Debug|Any CPU
		{5FEC5F40-BFC3-4B70-9006-9D7C21CC5ECC}.Debug|Any CPU.Build.0 = Debug|Any CPU
		{5FEC5F40-BFC3-4B70-9006-9D7C21CC5ECC}.Debug|x64.ActiveCfg = Debug|Any CPU
		{5FEC5F40-BFC3-4B70-9006-9D7C21CC5ECC}.Debug|x64.Build.0 = Debug|Any CPU
		{5FEC5F40-BFC3-4B70-9006-9D7C21CC5ECC}.Release|Any CPU.ActiveCfg = Release|Any CPU
		{5FEC5F40-BFC3-4B70-9006-9D7C21CC5ECC}.Release|Any CPU.Build.0 = Release|Any CPU
		{5FEC5F40-BFC3-4B70-9006-9D7C21CC5ECC}.Release|x64.ActiveCfg = Release|Any CPU
		{5FEC5F40-BFC3-4B70-9006-9D7C21CC5ECC}.Release|x64.Build.0 = Release|Any CPU
		{0E10ED2B-884F-484B-A24B-5D0F62E5CE0D}.Debug|Any CPU.ActiveCfg = Debug|Any CPU
		{0E10ED2B-884F-484B-A24B-5D0F62E5CE0D}.Debug|Any CPU.Build.0 = Debug|Any CPU
		{0E10ED2B-884F-484B-A24B-5D0F62E5CE0D}.Debug|x64.ActiveCfg = Debug|Any CPU
		{0E10ED2B-884F-484B-A24B-5D0F62E5CE0D}.Debug|x64.Build.0 = Debug|Any CPU
		{0E10ED2B-884F-484B-A24B-5D0F62E5CE0D}.Release|Any CPU.ActiveCfg = Release|Any CPU
		{0E10ED2B-884F-484B-A24B-5D0F62E5CE0D}.Release|Any CPU.Build.0 = Release|Any CPU
		{0E10ED2B-884F-484B-A24B-5D0F62E5CE0D}.Release|x64.ActiveCfg = Release|Any CPU
		{0E10ED2B-884F-484B-A24B-5D0F62E5CE0D}.Release|x64.Build.0 = Release|Any CPU
		{DB728629-D622-4950-BA50-A587D2C262E1}.Debug|Any CPU.ActiveCfg = Debug|Any CPU
		{DB728629-D622-4950-BA50-A587D2C262E1}.Debug|Any CPU.Build.0 = Debug|Any CPU
		{DB728629-D622-4950-BA50-A587D2C262E1}.Debug|x64.ActiveCfg = Debug|Any CPU
		{DB728629-D622-4950-BA50-A587D2C262E1}.Debug|x64.Build.0 = Debug|Any CPU
		{DB728629-D622-4950-BA50-A587D2C262E1}.Release|Any CPU.ActiveCfg = Release|Any CPU
		{DB728629-D622-4950-BA50-A587D2C262E1}.Release|Any CPU.Build.0 = Release|Any CPU
		{DB728629-D622-4950-BA50-A587D2C262E1}.Release|x64.ActiveCfg = Release|Any CPU
		{DB728629-D622-4950-BA50-A587D2C262E1}.Release|x64.Build.0 = Release|Any CPU
		{AE3021C4-2C68-4ED5-B39D-CEB7FE96F218}.Debug|Any CPU.ActiveCfg = Debug|Any CPU
		{AE3021C4-2C68-4ED5-B39D-CEB7FE96F218}.Debug|Any CPU.Build.0 = Debug|Any CPU
		{AE3021C4-2C68-4ED5-B39D-CEB7FE96F218}.Debug|x64.ActiveCfg = Debug|Any CPU
		{AE3021C4-2C68-4ED5-B39D-CEB7FE96F218}.Debug|x64.Build.0 = Debug|Any CPU
		{AE3021C4-2C68-4ED5-B39D-CEB7FE96F218}.Release|Any CPU.ActiveCfg = Release|Any CPU
		{AE3021C4-2C68-4ED5-B39D-CEB7FE96F218}.Release|Any CPU.Build.0 = Release|Any CPU
		{AE3021C4-2C68-4ED5-B39D-CEB7FE96F218}.Release|x64.ActiveCfg = Release|Any CPU
		{AE3021C4-2C68-4ED5-B39D-CEB7FE96F218}.Release|x64.Build.0 = Release|Any CPU
		{0620778C-3839-4F6B-9A3F-FF15B4F5E2E5}.Debug|Any CPU.ActiveCfg = Debug|Any CPU
		{0620778C-3839-4F6B-9A3F-FF15B4F5E2E5}.Debug|Any CPU.Build.0 = Debug|Any CPU
		{0620778C-3839-4F6B-9A3F-FF15B4F5E2E5}.Debug|x64.ActiveCfg = Debug|Any CPU
		{0620778C-3839-4F6B-9A3F-FF15B4F5E2E5}.Debug|x64.Build.0 = Debug|Any CPU
		{0620778C-3839-4F6B-9A3F-FF15B4F5E2E5}.Release|Any CPU.ActiveCfg = Release|Any CPU
		{0620778C-3839-4F6B-9A3F-FF15B4F5E2E5}.Release|Any CPU.Build.0 = Release|Any CPU
		{0620778C-3839-4F6B-9A3F-FF15B4F5E2E5}.Release|x64.ActiveCfg = Release|Any CPU
		{0620778C-3839-4F6B-9A3F-FF15B4F5E2E5}.Release|x64.Build.0 = Release|Any CPU
		{0C83B5DE-9BAF-4FFE-9A97-83AE072A134C}.Debug|Any CPU.ActiveCfg = Debug|Any CPU
		{0C83B5DE-9BAF-4FFE-9A97-83AE072A134C}.Debug|Any CPU.Build.0 = Debug|Any CPU
		{0C83B5DE-9BAF-4FFE-9A97-83AE072A134C}.Debug|x64.ActiveCfg = Debug|Any CPU
		{0C83B5DE-9BAF-4FFE-9A97-83AE072A134C}.Debug|x64.Build.0 = Debug|Any CPU
		{0C83B5DE-9BAF-4FFE-9A97-83AE072A134C}.Release|Any CPU.ActiveCfg = Release|Any CPU
		{0C83B5DE-9BAF-4FFE-9A97-83AE072A134C}.Release|Any CPU.Build.0 = Release|Any CPU
		{0C83B5DE-9BAF-4FFE-9A97-83AE072A134C}.Release|x64.ActiveCfg = Release|Any CPU
		{0C83B5DE-9BAF-4FFE-9A97-83AE072A134C}.Release|x64.Build.0 = Release|Any CPU
		{6903FF67-0347-4AC5-9782-C88C52DADE5C}.Debug|Any CPU.ActiveCfg = Debug|Any CPU
		{6903FF67-0347-4AC5-9782-C88C52DADE5C}.Debug|Any CPU.Build.0 = Debug|Any CPU
		{6903FF67-0347-4AC5-9782-C88C52DADE5C}.Debug|x64.ActiveCfg = Debug|Any CPU
		{6903FF67-0347-4AC5-9782-C88C52DADE5C}.Debug|x64.Build.0 = Debug|Any CPU
		{6903FF67-0347-4AC5-9782-C88C52DADE5C}.Release|Any CPU.ActiveCfg = Release|Any CPU
		{6903FF67-0347-4AC5-9782-C88C52DADE5C}.Release|Any CPU.Build.0 = Release|Any CPU
		{6903FF67-0347-4AC5-9782-C88C52DADE5C}.Release|x64.ActiveCfg = Release|Any CPU
		{6903FF67-0347-4AC5-9782-C88C52DADE5C}.Release|x64.Build.0 = Release|Any CPU
		{6B0A6819-AB66-4960-9EE2-5AA18CE65972}.Debug|Any CPU.ActiveCfg = Debug|Any CPU
		{6B0A6819-AB66-4960-9EE2-5AA18CE65972}.Debug|Any CPU.Build.0 = Debug|Any CPU
		{6B0A6819-AB66-4960-9EE2-5AA18CE65972}.Debug|x64.ActiveCfg = Debug|Any CPU
		{6B0A6819-AB66-4960-9EE2-5AA18CE65972}.Debug|x64.Build.0 = Debug|Any CPU
		{6B0A6819-AB66-4960-9EE2-5AA18CE65972}.Release|Any CPU.ActiveCfg = Release|Any CPU
		{6B0A6819-AB66-4960-9EE2-5AA18CE65972}.Release|Any CPU.Build.0 = Release|Any CPU
		{6B0A6819-AB66-4960-9EE2-5AA18CE65972}.Release|x64.ActiveCfg = Release|Any CPU
		{6B0A6819-AB66-4960-9EE2-5AA18CE65972}.Release|x64.Build.0 = Release|Any CPU
		{E6AB80FE-1647-4D1C-BEB8-9380964DB3BD}.Debug|Any CPU.ActiveCfg = Debug|Any CPU
		{E6AB80FE-1647-4D1C-BEB8-9380964DB3BD}.Debug|Any CPU.Build.0 = Debug|Any CPU
		{E6AB80FE-1647-4D1C-BEB8-9380964DB3BD}.Debug|x64.ActiveCfg = Debug|Any CPU
		{E6AB80FE-1647-4D1C-BEB8-9380964DB3BD}.Debug|x64.Build.0 = Debug|Any CPU
		{E6AB80FE-1647-4D1C-BEB8-9380964DB3BD}.Release|Any CPU.ActiveCfg = Release|Any CPU
		{E6AB80FE-1647-4D1C-BEB8-9380964DB3BD}.Release|Any CPU.Build.0 = Release|Any CPU
		{E6AB80FE-1647-4D1C-BEB8-9380964DB3BD}.Release|x64.ActiveCfg = Release|Any CPU
		{E6AB80FE-1647-4D1C-BEB8-9380964DB3BD}.Release|x64.Build.0 = Release|Any CPU
		{7C6DA138-865C-417A-9AC2-1CA77817BB63}.Debug|Any CPU.ActiveCfg = Debug|Any CPU
		{7C6DA138-865C-417A-9AC2-1CA77817BB63}.Debug|Any CPU.Build.0 = Debug|Any CPU
		{7C6DA138-865C-417A-9AC2-1CA77817BB63}.Debug|x64.ActiveCfg = Debug|Any CPU
		{7C6DA138-865C-417A-9AC2-1CA77817BB63}.Debug|x64.Build.0 = Debug|Any CPU
		{7C6DA138-865C-417A-9AC2-1CA77817BB63}.Release|Any CPU.ActiveCfg = Release|Any CPU
		{7C6DA138-865C-417A-9AC2-1CA77817BB63}.Release|Any CPU.Build.0 = Release|Any CPU
		{7C6DA138-865C-417A-9AC2-1CA77817BB63}.Release|x64.ActiveCfg = Release|Any CPU
		{7C6DA138-865C-417A-9AC2-1CA77817BB63}.Release|x64.Build.0 = Release|Any CPU
		{FC70376D-F556-4758-B80F-81E3DFB7F6AB}.Debug|Any CPU.ActiveCfg = Debug|Any CPU
		{FC70376D-F556-4758-B80F-81E3DFB7F6AB}.Debug|Any CPU.Build.0 = Debug|Any CPU
		{FC70376D-F556-4758-B80F-81E3DFB7F6AB}.Debug|x64.ActiveCfg = Debug|Any CPU
		{FC70376D-F556-4758-B80F-81E3DFB7F6AB}.Debug|x64.Build.0 = Debug|Any CPU
		{FC70376D-F556-4758-B80F-81E3DFB7F6AB}.Release|Any CPU.ActiveCfg = Release|Any CPU
		{FC70376D-F556-4758-B80F-81E3DFB7F6AB}.Release|Any CPU.Build.0 = Release|Any CPU
		{FC70376D-F556-4758-B80F-81E3DFB7F6AB}.Release|x64.ActiveCfg = Release|Any CPU
		{FC70376D-F556-4758-B80F-81E3DFB7F6AB}.Release|x64.Build.0 = Release|Any CPU
		{FCD3AC0C-04FE-4DD1-8279-21FA0510D633}.Debug|Any CPU.ActiveCfg = Debug|Any CPU
		{FCD3AC0C-04FE-4DD1-8279-21FA0510D633}.Debug|Any CPU.Build.0 = Debug|Any CPU
		{FCD3AC0C-04FE-4DD1-8279-21FA0510D633}.Debug|x64.ActiveCfg = Debug|Any CPU
		{FCD3AC0C-04FE-4DD1-8279-21FA0510D633}.Debug|x64.Build.0 = Debug|Any CPU
		{FCD3AC0C-04FE-4DD1-8279-21FA0510D633}.Release|Any CPU.ActiveCfg = Release|Any CPU
		{FCD3AC0C-04FE-4DD1-8279-21FA0510D633}.Release|Any CPU.Build.0 = Release|Any CPU
		{FCD3AC0C-04FE-4DD1-8279-21FA0510D633}.Release|x64.ActiveCfg = Release|Any CPU
		{FCD3AC0C-04FE-4DD1-8279-21FA0510D633}.Release|x64.Build.0 = Release|Any CPU
		{67BB0077-7777-4F58-AE62-99072014325C}.Debug|Any CPU.ActiveCfg = Debug|Any CPU
		{67BB0077-7777-4F58-AE62-99072014325C}.Debug|Any CPU.Build.0 = Debug|Any CPU
		{67BB0077-7777-4F58-AE62-99072014325C}.Debug|x64.ActiveCfg = Debug|Any CPU
		{67BB0077-7777-4F58-AE62-99072014325C}.Debug|x64.Build.0 = Debug|Any CPU
		{67BB0077-7777-4F58-AE62-99072014325C}.Release|Any CPU.ActiveCfg = Release|Any CPU
		{67BB0077-7777-4F58-AE62-99072014325C}.Release|Any CPU.Build.0 = Release|Any CPU
		{67BB0077-7777-4F58-AE62-99072014325C}.Release|x64.ActiveCfg = Release|Any CPU
		{67BB0077-7777-4F58-AE62-99072014325C}.Release|x64.Build.0 = Release|Any CPU
		{CE140FFD-1014-4F3C-BAE2-1D39F6F9129F}.Debug|Any CPU.ActiveCfg = Debug|Any CPU
		{CE140FFD-1014-4F3C-BAE2-1D39F6F9129F}.Debug|Any CPU.Build.0 = Debug|Any CPU
		{CE140FFD-1014-4F3C-BAE2-1D39F6F9129F}.Debug|x64.ActiveCfg = Debug|Any CPU
		{CE140FFD-1014-4F3C-BAE2-1D39F6F9129F}.Debug|x64.Build.0 = Debug|Any CPU
		{CE140FFD-1014-4F3C-BAE2-1D39F6F9129F}.Release|Any CPU.ActiveCfg = Release|Any CPU
		{CE140FFD-1014-4F3C-BAE2-1D39F6F9129F}.Release|Any CPU.Build.0 = Release|Any CPU
		{CE140FFD-1014-4F3C-BAE2-1D39F6F9129F}.Release|x64.ActiveCfg = Release|Any CPU
		{CE140FFD-1014-4F3C-BAE2-1D39F6F9129F}.Release|x64.Build.0 = Release|Any CPU
		{1A72059E-47EB-4371-9F9E-250B4F902C89}.Debug|Any CPU.ActiveCfg = Debug|Any CPU
		{1A72059E-47EB-4371-9F9E-250B4F902C89}.Debug|Any CPU.Build.0 = Debug|Any CPU
		{1A72059E-47EB-4371-9F9E-250B4F902C89}.Debug|x64.ActiveCfg = Debug|Any CPU
		{1A72059E-47EB-4371-9F9E-250B4F902C89}.Debug|x64.Build.0 = Debug|Any CPU
		{1A72059E-47EB-4371-9F9E-250B4F902C89}.Release|Any CPU.ActiveCfg = Release|Any CPU
		{1A72059E-47EB-4371-9F9E-250B4F902C89}.Release|Any CPU.Build.0 = Release|Any CPU
		{1A72059E-47EB-4371-9F9E-250B4F902C89}.Release|x64.ActiveCfg = Release|Any CPU
		{1A72059E-47EB-4371-9F9E-250B4F902C89}.Release|x64.Build.0 = Release|Any CPU
		{72A6D893-C5BB-4118-92B8-25F9E013BAA1}.Debug|Any CPU.ActiveCfg = Debug|Any CPU
		{72A6D893-C5BB-4118-92B8-25F9E013BAA1}.Debug|Any CPU.Build.0 = Debug|Any CPU
		{72A6D893-C5BB-4118-92B8-25F9E013BAA1}.Debug|x64.ActiveCfg = Debug|Any CPU
		{72A6D893-C5BB-4118-92B8-25F9E013BAA1}.Debug|x64.Build.0 = Debug|Any CPU
		{72A6D893-C5BB-4118-92B8-25F9E013BAA1}.Release|Any CPU.ActiveCfg = Release|Any CPU
		{72A6D893-C5BB-4118-92B8-25F9E013BAA1}.Release|Any CPU.Build.0 = Release|Any CPU
		{72A6D893-C5BB-4118-92B8-25F9E013BAA1}.Release|x64.ActiveCfg = Release|Any CPU
		{72A6D893-C5BB-4118-92B8-25F9E013BAA1}.Release|x64.Build.0 = Release|Any CPU
		{43CBBED0-8599-4C5D-B0F4-F7FAE26D1FE2}.Debug|Any CPU.ActiveCfg = Debug|Any CPU
		{43CBBED0-8599-4C5D-B0F4-F7FAE26D1FE2}.Debug|Any CPU.Build.0 = Debug|Any CPU
		{43CBBED0-8599-4C5D-B0F4-F7FAE26D1FE2}.Debug|x64.ActiveCfg = Debug|Any CPU
		{43CBBED0-8599-4C5D-B0F4-F7FAE26D1FE2}.Debug|x64.Build.0 = Debug|Any CPU
		{43CBBED0-8599-4C5D-B0F4-F7FAE26D1FE2}.Release|Any CPU.ActiveCfg = Release|Any CPU
		{43CBBED0-8599-4C5D-B0F4-F7FAE26D1FE2}.Release|Any CPU.Build.0 = Release|Any CPU
		{43CBBED0-8599-4C5D-B0F4-F7FAE26D1FE2}.Release|x64.ActiveCfg = Release|Any CPU
		{43CBBED0-8599-4C5D-B0F4-F7FAE26D1FE2}.Release|x64.Build.0 = Release|Any CPU
		{37C614B5-BD2D-4509-ABA3-F5CA74B3C58B}.Debug|Any CPU.ActiveCfg = Debug|Any CPU
		{37C614B5-BD2D-4509-ABA3-F5CA74B3C58B}.Debug|Any CPU.Build.0 = Debug|Any CPU
		{37C614B5-BD2D-4509-ABA3-F5CA74B3C58B}.Debug|x64.ActiveCfg = Debug|Any CPU
		{37C614B5-BD2D-4509-ABA3-F5CA74B3C58B}.Debug|x64.Build.0 = Debug|Any CPU
		{37C614B5-BD2D-4509-ABA3-F5CA74B3C58B}.Release|Any CPU.ActiveCfg = Release|Any CPU
		{37C614B5-BD2D-4509-ABA3-F5CA74B3C58B}.Release|Any CPU.Build.0 = Release|Any CPU
		{37C614B5-BD2D-4509-ABA3-F5CA74B3C58B}.Release|x64.ActiveCfg = Release|Any CPU
		{37C614B5-BD2D-4509-ABA3-F5CA74B3C58B}.Release|x64.Build.0 = Release|Any CPU
		{95762529-6391-4332-8829-1195002DFE32}.Debug|Any CPU.ActiveCfg = Debug|Any CPU
		{95762529-6391-4332-8829-1195002DFE32}.Debug|Any CPU.Build.0 = Debug|Any CPU
		{95762529-6391-4332-8829-1195002DFE32}.Debug|x64.ActiveCfg = Debug|Any CPU
		{95762529-6391-4332-8829-1195002DFE32}.Debug|x64.Build.0 = Debug|Any CPU
		{95762529-6391-4332-8829-1195002DFE32}.Release|Any CPU.ActiveCfg = Release|Any CPU
		{95762529-6391-4332-8829-1195002DFE32}.Release|Any CPU.Build.0 = Release|Any CPU
		{95762529-6391-4332-8829-1195002DFE32}.Release|x64.ActiveCfg = Release|Any CPU
		{95762529-6391-4332-8829-1195002DFE32}.Release|x64.Build.0 = Release|Any CPU
		{A8931807-0751-4BED-A3A1-987BF6C932B1}.Debug|Any CPU.ActiveCfg = Debug|Any CPU
		{A8931807-0751-4BED-A3A1-987BF6C932B1}.Debug|Any CPU.Build.0 = Debug|Any CPU
		{A8931807-0751-4BED-A3A1-987BF6C932B1}.Debug|x64.ActiveCfg = Debug|Any CPU
		{A8931807-0751-4BED-A3A1-987BF6C932B1}.Debug|x64.Build.0 = Debug|Any CPU
		{A8931807-0751-4BED-A3A1-987BF6C932B1}.Release|Any CPU.ActiveCfg = Release|Any CPU
		{A8931807-0751-4BED-A3A1-987BF6C932B1}.Release|Any CPU.Build.0 = Release|Any CPU
		{A8931807-0751-4BED-A3A1-987BF6C932B1}.Release|x64.ActiveCfg = Release|Any CPU
		{A8931807-0751-4BED-A3A1-987BF6C932B1}.Release|x64.Build.0 = Release|Any CPU
		{FA542662-EE7D-44DD-9E17-647751C627DB}.Debug|Any CPU.ActiveCfg = Debug|Any CPU
		{FA542662-EE7D-44DD-9E17-647751C627DB}.Debug|Any CPU.Build.0 = Debug|Any CPU
		{FA542662-EE7D-44DD-9E17-647751C627DB}.Debug|x64.ActiveCfg = Debug|Any CPU
		{FA542662-EE7D-44DD-9E17-647751C627DB}.Debug|x64.Build.0 = Debug|Any CPU
		{FA542662-EE7D-44DD-9E17-647751C627DB}.Release|Any CPU.ActiveCfg = Release|Any CPU
		{FA542662-EE7D-44DD-9E17-647751C627DB}.Release|Any CPU.Build.0 = Release|Any CPU
		{FA542662-EE7D-44DD-9E17-647751C627DB}.Release|x64.ActiveCfg = Release|Any CPU
		{FA542662-EE7D-44DD-9E17-647751C627DB}.Release|x64.Build.0 = Release|Any CPU
		{32D80892-7DB3-4BCC-AA23-55254FB478BA}.Debug|Any CPU.ActiveCfg = Debug|Any CPU
		{32D80892-7DB3-4BCC-AA23-55254FB478BA}.Debug|Any CPU.Build.0 = Debug|Any CPU
		{32D80892-7DB3-4BCC-AA23-55254FB478BA}.Debug|x64.ActiveCfg = Debug|Any CPU
		{32D80892-7DB3-4BCC-AA23-55254FB478BA}.Debug|x64.Build.0 = Debug|Any CPU
		{32D80892-7DB3-4BCC-AA23-55254FB478BA}.Release|Any CPU.ActiveCfg = Release|Any CPU
		{32D80892-7DB3-4BCC-AA23-55254FB478BA}.Release|Any CPU.Build.0 = Release|Any CPU
		{32D80892-7DB3-4BCC-AA23-55254FB478BA}.Release|x64.ActiveCfg = Release|Any CPU
		{32D80892-7DB3-4BCC-AA23-55254FB478BA}.Release|x64.Build.0 = Release|Any CPU
		{6A12E6D1-613A-46EB-AD42-625D7DC5AB21}.Debug|Any CPU.ActiveCfg = Debug|Any CPU
		{6A12E6D1-613A-46EB-AD42-625D7DC5AB21}.Debug|Any CPU.Build.0 = Debug|Any CPU
		{6A12E6D1-613A-46EB-AD42-625D7DC5AB21}.Debug|x64.ActiveCfg = Debug|Any CPU
		{6A12E6D1-613A-46EB-AD42-625D7DC5AB21}.Debug|x64.Build.0 = Debug|Any CPU
		{6A12E6D1-613A-46EB-AD42-625D7DC5AB21}.Release|Any CPU.ActiveCfg = Release|Any CPU
		{6A12E6D1-613A-46EB-AD42-625D7DC5AB21}.Release|Any CPU.Build.0 = Release|Any CPU
		{6A12E6D1-613A-46EB-AD42-625D7DC5AB21}.Release|x64.ActiveCfg = Release|Any CPU
		{6A12E6D1-613A-46EB-AD42-625D7DC5AB21}.Release|x64.Build.0 = Release|Any CPU
		{2AB718B0-5F91-4909-82B3-DC576747EBA8}.Debug|Any CPU.ActiveCfg = Debug|Any CPU
		{2AB718B0-5F91-4909-82B3-DC576747EBA8}.Debug|Any CPU.Build.0 = Debug|Any CPU
		{2AB718B0-5F91-4909-82B3-DC576747EBA8}.Debug|x64.ActiveCfg = Debug|Any CPU
		{2AB718B0-5F91-4909-82B3-DC576747EBA8}.Debug|x64.Build.0 = Debug|Any CPU
		{2AB718B0-5F91-4909-82B3-DC576747EBA8}.Release|Any CPU.ActiveCfg = Release|Any CPU
		{2AB718B0-5F91-4909-82B3-DC576747EBA8}.Release|Any CPU.Build.0 = Release|Any CPU
		{2AB718B0-5F91-4909-82B3-DC576747EBA8}.Release|x64.ActiveCfg = Release|Any CPU
		{2AB718B0-5F91-4909-82B3-DC576747EBA8}.Release|x64.Build.0 = Release|Any CPU
		{6C0E2E65-F93A-460A-82F9-BC861D60E7D8}.Debug|Any CPU.ActiveCfg = Debug|Any CPU
		{6C0E2E65-F93A-460A-82F9-BC861D60E7D8}.Debug|Any CPU.Build.0 = Debug|Any CPU
		{6C0E2E65-F93A-460A-82F9-BC861D60E7D8}.Debug|x64.ActiveCfg = Debug|Any CPU
		{6C0E2E65-F93A-460A-82F9-BC861D60E7D8}.Debug|x64.Build.0 = Debug|Any CPU
		{6C0E2E65-F93A-460A-82F9-BC861D60E7D8}.Release|Any CPU.ActiveCfg = Release|Any CPU
		{6C0E2E65-F93A-460A-82F9-BC861D60E7D8}.Release|Any CPU.Build.0 = Release|Any CPU
		{6C0E2E65-F93A-460A-82F9-BC861D60E7D8}.Release|x64.ActiveCfg = Release|Any CPU
		{6C0E2E65-F93A-460A-82F9-BC861D60E7D8}.Release|x64.Build.0 = Release|Any CPU
		{235157F3-EC56-44F3-9ACC-4956E6262E24}.Debug|Any CPU.ActiveCfg = Debug|Any CPU
		{235157F3-EC56-44F3-9ACC-4956E6262E24}.Debug|Any CPU.Build.0 = Debug|Any CPU
		{235157F3-EC56-44F3-9ACC-4956E6262E24}.Debug|x64.ActiveCfg = Debug|Any CPU
		{235157F3-EC56-44F3-9ACC-4956E6262E24}.Debug|x64.Build.0 = Debug|Any CPU
		{235157F3-EC56-44F3-9ACC-4956E6262E24}.Release|Any CPU.ActiveCfg = Release|Any CPU
		{235157F3-EC56-44F3-9ACC-4956E6262E24}.Release|Any CPU.Build.0 = Release|Any CPU
		{235157F3-EC56-44F3-9ACC-4956E6262E24}.Release|x64.ActiveCfg = Release|Any CPU
		{235157F3-EC56-44F3-9ACC-4956E6262E24}.Release|x64.Build.0 = Release|Any CPU
		{D4C76CA4-518A-40EE-BAC0-584389478B19}.Debug|Any CPU.ActiveCfg = Debug|Any CPU
		{D4C76CA4-518A-40EE-BAC0-584389478B19}.Debug|Any CPU.Build.0 = Debug|Any CPU
		{D4C76CA4-518A-40EE-BAC0-584389478B19}.Debug|x64.ActiveCfg = Debug|Any CPU
		{D4C76CA4-518A-40EE-BAC0-584389478B19}.Debug|x64.Build.0 = Debug|Any CPU
		{D4C76CA4-518A-40EE-BAC0-584389478B19}.Release|Any CPU.ActiveCfg = Release|Any CPU
		{D4C76CA4-518A-40EE-BAC0-584389478B19}.Release|Any CPU.Build.0 = Release|Any CPU
		{D4C76CA4-518A-40EE-BAC0-584389478B19}.Release|x64.ActiveCfg = Release|Any CPU
		{D4C76CA4-518A-40EE-BAC0-584389478B19}.Release|x64.Build.0 = Release|Any CPU
	EndGlobalSection
	GlobalSection(SolutionProperties) = preSolution
		HideSolutionNode = FALSE
	EndGlobalSection
	GlobalSection(NestedProjects) = preSolution
		{376AF902-B4C3-4C31-9CA1-63F154C18A4C} = {0DC96AF3-B121-4ACA-92C2-1064CADBC228}
		{AF160DD6-9B07-47AE-9818-CF521D8832A6} = {376AF902-B4C3-4C31-9CA1-63F154C18A4C}
		{3CD474EA-4748-4C52-9B64-DA6B9DFC5F2F} = {376AF902-B4C3-4C31-9CA1-63F154C18A4C}
		{05167A25-8885-4D0E-9BBB-F45E1C5BB9B4} = {0DC96AF3-B121-4ACA-92C2-1064CADBC228}
		{6922D88B-2BD5-4115-9A7F-1CDF95F37E2B} = {05167A25-8885-4D0E-9BBB-F45E1C5BB9B4}
		{0A609C83-12D8-4E90-AC5C-057AAA706263} = {05167A25-8885-4D0E-9BBB-F45E1C5BB9B4}
		{825CEB62-6040-447A-9B5D-46E9368E9DB4} = {89BF60E5-43F5-403F-A3A7-B85A42806358}
		{3137E70E-C13E-46DF-83FA-5D1549E083F3} = {89BF60E5-43F5-403F-A3A7-B85A42806358}
		{BE7F138F-939E-443E-A043-A8752E03916C} = {89BF60E5-43F5-403F-A3A7-B85A42806358}
		{A0681C51-F04A-4CDC-89BF-05B9BB1DA39A} = {89BF60E5-43F5-403F-A3A7-B85A42806358}
		{A6EA08FD-61EE-4CB2-B75E-E1FAD194642A} = {89BF60E5-43F5-403F-A3A7-B85A42806358}
		{9228581E-30D6-45D0-A83C-B3F7566F299F} = {A6EA08FD-61EE-4CB2-B75E-E1FAD194642A}
		{2F700A61-C2C8-4740-94CE-633E9B4806AA} = {6AE4D7B4-CC30-494F-8E9A-0EA5EC721A1E}
		{853F7808-DAE9-4A13-A6A6-CBC7A1EFC969} = {2F700A61-C2C8-4740-94CE-633E9B4806AA}
		{C575CD43-C9FD-4221-A518-1199253BE6FF} = {2F700A61-C2C8-4740-94CE-633E9B4806AA}
		{4FE907A0-58DB-4B94-A1D8-02EDB598D6B7} = {89BF60E5-43F5-403F-A3A7-B85A42806358}
		{7DA287EF-22CE-4114-9E89-C310E6217080} = {A6EA08FD-61EE-4CB2-B75E-E1FAD194642A}
		{EA856A99-17EE-4834-A5E4-212C87F9B963} = {CD425435-2BA9-44DF-9AC5-945D08380C08}
		{B04E3BC0-2F79-4BB3-85D6-768AD3DB98E2} = {CD425435-2BA9-44DF-9AC5-945D08380C08}
		{BE9FCE3F-E547-4E4D-BD3F-C9BE487E6E9E} = {CD425435-2BA9-44DF-9AC5-945D08380C08}
		{4BC2FB92-EBAE-40F3-8873-AE712D866195} = {89BF60E5-43F5-403F-A3A7-B85A42806358}
		{7B04CC9B-7F95-457D-B1B1-77B14F6FA95C} = {6AE4D7B4-CC30-494F-8E9A-0EA5EC721A1E}
		{7A1307BD-0B58-4F54-831C-6B7FE507F7EE} = {7B04CC9B-7F95-457D-B1B1-77B14F6FA95C}
		{EDB5ADA8-B0DA-4F61-B3EB-346AB7BC96DB} = {7B04CC9B-7F95-457D-B1B1-77B14F6FA95C}
		{6C60ADF4-04DA-46C0-91BE-054BDC00A89E} = {6AE4D7B4-CC30-494F-8E9A-0EA5EC721A1E}
		{D0492191-2356-444C-8653-440F9CD031CE} = {6C60ADF4-04DA-46C0-91BE-054BDC00A89E}
		{96A9DCD2-4A3A-4C48-A3C4-63E7DBC7047B} = {6C60ADF4-04DA-46C0-91BE-054BDC00A89E}
		{ADF64991-2512-4F52-918A-755E9AA3AD30} = {6C60ADF4-04DA-46C0-91BE-054BDC00A89E}
		{FA114815-6534-4B0B-A8EB-A70554E78BD0} = {6C60ADF4-04DA-46C0-91BE-054BDC00A89E}
		{1DF285A9-0B91-4FAA-9B6D-0D12EEF0740B} = {6C60ADF4-04DA-46C0-91BE-054BDC00A89E}
		{FE48768D-D1AE-4CF9-9CFD-FD77A46F4706} = {6C60ADF4-04DA-46C0-91BE-054BDC00A89E}
		{237646E9-FD74-49CE-B851-288E928D7A53} = {B4ABFBCA-9641-4C56-A007-2F9347AB50DD}
		{7674159D-9AFF-4F46-AECF-4AF8763FF522} = {376AF902-B4C3-4C31-9CA1-63F154C18A4C}
		{1C9F9248-6999-4CEE-9F61-EB0C1B1831CB} = {05167A25-8885-4D0E-9BBB-F45E1C5BB9B4}
		{2E40E374-7F57-4D9F-A12A-871A43055450} = {2F700A61-C2C8-4740-94CE-633E9B4806AA}
		{0AE59B37-4AF6-4994-B92F-991F3E8A829A} = {89BF60E5-43F5-403F-A3A7-B85A42806358}
		{5C01EE13-0EA0-47B8-95C4-9010F3ED40CB} = {6AE4D7B4-CC30-494F-8E9A-0EA5EC721A1E}
		{B5389800-F7B1-4C6F-944E-921ADFF9772C} = {5C01EE13-0EA0-47B8-95C4-9010F3ED40CB}
		{4D3CFA42-4EC9-4C23-9016-DB12AEF74623} = {5C01EE13-0EA0-47B8-95C4-9010F3ED40CB}
		{66E6AE74-95C6-41DC-B32B-A7FE02395930} = {7B04CC9B-7F95-457D-B1B1-77B14F6FA95C}
		{7E78FAF4-E885-459B-9FBB-2D91B5867344} = {5C01EE13-0EA0-47B8-95C4-9010F3ED40CB}
		{1AB95406-90FE-4CAA-8536-6846B37A450E} = {6AE4D7B4-CC30-494F-8E9A-0EA5EC721A1E}
		{A8779642-2FA0-4A5C-ADB1-13DD0C425000} = {1AB95406-90FE-4CAA-8536-6846B37A450E}
		{35C7C9F7-A793-45FC-B318-1A4643DEDDB8} = {1AB95406-90FE-4CAA-8536-6846B37A450E}
		{5FA98D2E-F70A-444C-9838-59AB9DC2960D} = {B4ABFBCA-9641-4C56-A007-2F9347AB50DD}
		{8D6771B3-61A8-41E2-B671-C7722E7BDA98} = {B4ABFBCA-9641-4C56-A007-2F9347AB50DD}
		{CCB7D18B-2C79-453C-9892-A795E2BC4AE2} = {B4ABFBCA-9641-4C56-A007-2F9347AB50DD}
		{B5DE315C-6DEC-4C9E-9E31-375ECD69720C} = {B4ABFBCA-9641-4C56-A007-2F9347AB50DD}
		{6B463FAE-98A9-4525-A700-68D7BDBD79EA} = {B4ABFBCA-9641-4C56-A007-2F9347AB50DD}
		{2E4D42D7-F764-4E3A-B05F-13E2A83F4853} = {024DEFE9-2886-4C04-A3B0-118BE9B9C0DB}
		{0983FAF5-AA4A-4D81-BE5C-D696612F1FA4} = {1AB95406-90FE-4CAA-8536-6846B37A450E}
		{36409700-CB0A-4C91-97A5-071D3300FF91} = {6AE4D7B4-CC30-494F-8E9A-0EA5EC721A1E}
		{FA5B30A4-38EA-4AB8-B745-CF638AED50EF} = {36409700-CB0A-4C91-97A5-071D3300FF91}
		{3ADB008A-E627-45B0-B46F-EACEA1A55A20} = {36409700-CB0A-4C91-97A5-071D3300FF91}
		{1940849F-E9B4-4C09-A10A-870988C94D4A} = {36409700-CB0A-4C91-97A5-071D3300FF91}
		{7A8F1EC8-FB16-4E28-90F3-513EA98C0181} = {024DEFE9-2886-4C04-A3B0-118BE9B9C0DB}
		{C8A13CA9-9250-496C-9420-CDAFAA999E43} = {6AE4D7B4-CC30-494F-8E9A-0EA5EC721A1E}
		{A939DEA6-D6C4-416F-9593-566E656D211C} = {C8A13CA9-9250-496C-9420-CDAFAA999E43}
		{FBF62539-BA98-484A-9456-B6C975BC057B} = {C8A13CA9-9250-496C-9420-CDAFAA999E43}
		{24A8B4BC-9D4F-4EC3-A0B5-A3CE726A3E4A} = {C8A13CA9-9250-496C-9420-CDAFAA999E43}
		{A1DDA8E6-3D61-4079-94C7-7B8CE6B7B0BB} = {89BF60E5-43F5-403F-A3A7-B85A42806358}
		{C038444F-9A42-4473-BCA8-C50E9E0A5416} = {6AE4D7B4-CC30-494F-8E9A-0EA5EC721A1E}
		{37C4F956-653E-404D-A0FF-CBD14432C2E3} = {C038444F-9A42-4473-BCA8-C50E9E0A5416}
		{AFF45C59-1B91-445D-BC9B-7F2342488FA1} = {C038444F-9A42-4473-BCA8-C50E9E0A5416}
		{7EAA0FCD-8CBB-437B-B820-64E62CBE6F48} = {C038444F-9A42-4473-BCA8-C50E9E0A5416}
		{66BDC101-1194-4772-AEC7-609CC994DF55} = {024DEFE9-2886-4C04-A3B0-118BE9B9C0DB}
		{14E6A65E-30EE-4F78-A76D-8D6ED3467A0B} = {89BF60E5-43F5-403F-A3A7-B85A42806358}
		{3428A3F8-F671-406E-B1E0-63885A96F527} = {89BF60E5-43F5-403F-A3A7-B85A42806358}
		{5FEC5F40-BFC3-4B70-9006-9D7C21CC5ECC} = {CD425435-2BA9-44DF-9AC5-945D08380C08}
		{FA204FC0-70AF-4FBB-A148-49FD214AC1DF} = {6AE4D7B4-CC30-494F-8E9A-0EA5EC721A1E}
		{0E10ED2B-884F-484B-A24B-5D0F62E5CE0D} = {FA204FC0-70AF-4FBB-A148-49FD214AC1DF}
		{DB728629-D622-4950-BA50-A587D2C262E1} = {FA204FC0-70AF-4FBB-A148-49FD214AC1DF}
		{AE3021C4-2C68-4ED5-B39D-CEB7FE96F218} = {89BF60E5-43F5-403F-A3A7-B85A42806358}
		{0620778C-3839-4F6B-9A3F-FF15B4F5E2E5} = {CD425435-2BA9-44DF-9AC5-945D08380C08}
		{0C83B5DE-9BAF-4FFE-9A97-83AE072A134C} = {FA204FC0-70AF-4FBB-A148-49FD214AC1DF}
		{6903FF67-0347-4AC5-9782-C88C52DADE5C} = {024DEFE9-2886-4C04-A3B0-118BE9B9C0DB}
		{6B0A6819-AB66-4960-9EE2-5AA18CE65972} = {89BF60E5-43F5-403F-A3A7-B85A42806358}
		{E6AB80FE-1647-4D1C-BEB8-9380964DB3BD} = {024DEFE9-2886-4C04-A3B0-118BE9B9C0DB}
		{7C6DA138-865C-417A-9AC2-1CA77817BB63} = {B4ABFBCA-9641-4C56-A007-2F9347AB50DD}
		{FC70376D-F556-4758-B80F-81E3DFB7F6AB} = {024DEFE9-2886-4C04-A3B0-118BE9B9C0DB}
		{46414B85-D1B6-411D-B232-C6CC8B35FE57} = {0DC96AF3-B121-4ACA-92C2-1064CADBC228}
		{FCD3AC0C-04FE-4DD1-8279-21FA0510D633} = {46414B85-D1B6-411D-B232-C6CC8B35FE57}
		{67BB0077-7777-4F58-AE62-99072014325C} = {46414B85-D1B6-411D-B232-C6CC8B35FE57}
		{CE140FFD-1014-4F3C-BAE2-1D39F6F9129F} = {46414B85-D1B6-411D-B232-C6CC8B35FE57}
		{1A72059E-47EB-4371-9F9E-250B4F902C89} = {024DEFE9-2886-4C04-A3B0-118BE9B9C0DB}
		{4184CEDA-0D2B-4BEC-8EE1-7D50B6A3E22E} = {0DC96AF3-B121-4ACA-92C2-1064CADBC228}
		{72A6D893-C5BB-4118-92B8-25F9E013BAA1} = {4184CEDA-0D2B-4BEC-8EE1-7D50B6A3E22E}
		{43CBBED0-8599-4C5D-B0F4-F7FAE26D1FE2} = {4184CEDA-0D2B-4BEC-8EE1-7D50B6A3E22E}
		{37C614B5-BD2D-4509-ABA3-F5CA74B3C58B} = {4184CEDA-0D2B-4BEC-8EE1-7D50B6A3E22E}
		{6AF68A4E-BDE9-4A1A-BA14-4AF3BB038CC2} = {B4ABFBCA-9641-4C56-A007-2F9347AB50DD}
		{95762529-6391-4332-8829-1195002DFE32} = {6AF68A4E-BDE9-4A1A-BA14-4AF3BB038CC2}
		{A8931807-0751-4BED-A3A1-987BF6C932B1} = {6AF68A4E-BDE9-4A1A-BA14-4AF3BB038CC2}
		{FA542662-EE7D-44DD-9E17-647751C627DB} = {46414B85-D1B6-411D-B232-C6CC8B35FE57}
		{9A7EA3D2-ACFF-46A1-8F0B-7E2AA09BBF5D} = {6AE4D7B4-CC30-494F-8E9A-0EA5EC721A1E}
		{32D80892-7DB3-4BCC-AA23-55254FB478BA} = {9A7EA3D2-ACFF-46A1-8F0B-7E2AA09BBF5D}
		{6A12E6D1-613A-46EB-AD42-625D7DC5AB21} = {9A7EA3D2-ACFF-46A1-8F0B-7E2AA09BBF5D}
		{2AB718B0-5F91-4909-82B3-DC576747EBA8} = {9A7EA3D2-ACFF-46A1-8F0B-7E2AA09BBF5D}
		{FD432970-0CA5-4632-9121-6A24C1B5A967} = {0DC96AF3-B121-4ACA-92C2-1064CADBC228}
		{6C0E2E65-F93A-460A-82F9-BC861D60E7D8} = {FD432970-0CA5-4632-9121-6A24C1B5A967}
		{235157F3-EC56-44F3-9ACC-4956E6262E24} = {FD432970-0CA5-4632-9121-6A24C1B5A967}
		{D4C76CA4-518A-40EE-BAC0-584389478B19} = {FD432970-0CA5-4632-9121-6A24C1B5A967}
	EndGlobalSection
	GlobalSection(ExtensibilityGlobals) = postSolution
		SolutionGuid = {443E3D5D-9B9D-4C45-A27D-7F3CC1AD8389}
	EndGlobalSection
EndGlobal
