
Microsoft Visual Studio Solution File, Format Version 12.00
# Visual Studio Version 17
VisualStudioVersion = 17.4.33213.308
MinimumVisualStudioVersion = 10.0.40219.1
Project("{9A19103F-16F7-4668-BE54-9A1E7A4F7556}") = "DomainServices.ProductService.Api", "Api\DomainServices.ProductService.Api.csproj", "{87644AAF-F399-4CE3-BC27-A70F13CBE724}"
EndProject
Project("{9A19103F-16F7-4668-BE54-9A1E7A4F7556}") = "DomainServices.ProductService.Clients", "Clients\DomainServices.ProductService.Clients.csproj", "{4D6447AE-1552-47E6-86EF-76ADE4CDCF92}"
EndProject
Project("{9A19103F-16F7-4668-BE54-9A1E7A4F7556}") = "DomainServices.ProductService.Contracts", "Contracts\DomainServices.ProductService.Contracts.csproj", "{37C30B16-76A6-4C38-803B-96644D0999A5}"
EndProject
Global
	GlobalSection(SolutionConfigurationPlatforms) = preSolution
		Debug|Any CPU = Debug|Any CPU
		Debug|x64 = Debug|x64
		Release|Any CPU = Release|Any CPU
		Release|x64 = Release|x64
	EndGlobalSection
	GlobalSection(ProjectConfigurationPlatforms) = postSolution
		{87644AAF-F399-4CE3-BC27-A70F13CBE724}.Debug|Any CPU.ActiveCfg = Debug|Any CPU
		{87644AAF-F399-4CE3-BC27-A70F13CBE724}.Debug|Any CPU.Build.0 = Debug|Any CPU
		{87644AAF-F399-4CE3-BC27-A70F13CBE724}.Debug|x64.ActiveCfg = Debug|x64
		{87644AAF-F399-4CE3-BC27-A70F13CBE724}.Debug|x64.Build.0 = Debug|x64
		{87644AAF-F399-4CE3-BC27-A70F13CBE724}.Release|Any CPU.ActiveCfg = Release|Any CPU
		{87644AAF-F399-4CE3-BC27-A70F13CBE724}.Release|Any CPU.Build.0 = Release|Any CPU
		{87644AAF-F399-4CE3-BC27-A70F13CBE724}.Release|x64.ActiveCfg = Release|x64
		{87644AAF-F399-4CE3-BC27-A70F13CBE724}.Release|x64.Build.0 = Release|x64
		{4D6447AE-1552-47E6-86EF-76ADE4CDCF92}.Debug|Any CPU.ActiveCfg = Debug|Any CPU
		{4D6447AE-1552-47E6-86EF-76ADE4CDCF92}.Debug|Any CPU.Build.0 = Debug|Any CPU
		{4D6447AE-1552-47E6-86EF-76ADE4CDCF92}.Debug|x64.ActiveCfg = Debug|x64
		{4D6447AE-1552-47E6-86EF-76ADE4CDCF92}.Debug|x64.Build.0 = Debug|x64
		{4D6447AE-1552-47E6-86EF-76ADE4CDCF92}.Release|Any CPU.ActiveCfg = Release|Any CPU
		{4D6447AE-1552-47E6-86EF-76ADE4CDCF92}.Release|Any CPU.Build.0 = Release|Any CPU
		{4D6447AE-1552-47E6-86EF-76ADE4CDCF92}.Release|x64.ActiveCfg = Release|x64
		{4D6447AE-1552-47E6-86EF-76ADE4CDCF92}.Release|x64.Build.0 = Release|x64
		{37C30B16-76A6-4C38-803B-96644D0999A5}.Debug|Any CPU.ActiveCfg = Debug|Any CPU
		{37C30B16-76A6-4C38-803B-96644D0999A5}.Debug|Any CPU.Build.0 = Debug|Any CPU
		{37C30B16-76A6-4C38-803B-96644D0999A5}.Debug|x64.ActiveCfg = Debug|x64
		{37C30B16-76A6-4C38-803B-96644D0999A5}.Debug|x64.Build.0 = Debug|x64
		{37C30B16-76A6-4C38-803B-96644D0999A5}.Release|Any CPU.ActiveCfg = Release|Any CPU
		{37C30B16-76A6-4C38-803B-96644D0999A5}.Release|Any CPU.Build.0 = Release|Any CPU
		{37C30B16-76A6-4C38-803B-96644D0999A5}.Release|x64.ActiveCfg = Release|x64
		{37C30B16-76A6-4C38-803B-96644D0999A5}.Release|x64.Build.0 = Release|x64
	EndGlobalSection
	GlobalSection(SolutionProperties) = preSolution
		HideSolutionNode = FALSE
	EndGlobalSection
	GlobalSection(ExtensibilityGlobals) = postSolution
		SolutionGuid = {847DCE51-74FF-40A4-8D02-6B84AE5B266E}
	EndGlobalSection
EndGlobal
